// !$*UTF8*$!
{
	archiveVersion = 1;
	classes = {
	};
	objectVersion = 50;
	objects = {

/* Begin PBXBuildFile section */
		7C9144EA2700889B004CA10B /* AppDelegate.swift in Sources */ = {isa = PBXBuildFile; fileRef = 7C9144E92700889B004CA10B /* AppDelegate.swift */; };
		7C9144EC2700889B004CA10B /* SceneDelegate.swift in Sources */ = {isa = PBXBuildFile; fileRef = 7C9144EB2700889B004CA10B /* SceneDelegate.swift */; };
		7C9144EE2700889B004CA10B /* ViewController.swift in Sources */ = {isa = PBXBuildFile; fileRef = 7C9144ED2700889B004CA10B /* ViewController.swift */; };
		7C9144F12700889B004CA10B /* Main.storyboard in Resources */ = {isa = PBXBuildFile; fileRef = 7C9144EF2700889B004CA10B /* Main.storyboard */; };
		7C9144F32700889D004CA10B /* Assets.xcassets in Resources */ = {isa = PBXBuildFile; fileRef = 7C9144F22700889D004CA10B /* Assets.xcassets */; };
		7C9144F62700889D004CA10B /* LaunchScreen.storyboard in Resources */ = {isa = PBXBuildFile; fileRef = 7C9144F42700889D004CA10B /* LaunchScreen.storyboard */; };
		7C914509270088D0004CA10B /* FMDatabaseQueue.m in Sources */ = {isa = PBXBuildFile; fileRef = 7C9144FF270088CF004CA10B /* FMDatabaseQueue.m */; };
		7C91450A270088D0004CA10B /* FMDatabasePool.m in Sources */ = {isa = PBXBuildFile; fileRef = 7C914500270088CF004CA10B /* FMDatabasePool.m */; };
		7C91450B270088D0004CA10B /* FMDatabase.m in Sources */ = {isa = PBXBuildFile; fileRef = 7C914504270088D0004CA10B /* FMDatabase.m */; };
		7C91450C270088D0004CA10B /* FMDatabaseAdditions.m in Sources */ = {isa = PBXBuildFile; fileRef = 7C914505270088D0004CA10B /* FMDatabaseAdditions.m */; };
		7C91450D270088D0004CA10B /* FMResultSet.m in Sources */ = {isa = PBXBuildFile; fileRef = 7C914508270088D0004CA10B /* FMResultSet.m */; };
		7C91450F27008F78004CA10B /* DepartmentListVC.swift in Sources */ = {isa = PBXBuildFile; fileRef = 7C91450E27008F78004CA10B /* DepartmentListVC.swift */; };
		7C91451127008FD6004CA10B /* EmployeeListVC.swift in Sources */ = {isa = PBXBuildFile; fileRef = 7C91451027008FD6004CA10B /* EmployeeListVC.swift */; };
		7C914513270092D3004CA10B /* hr.sqlite in Resources */ = {isa = PBXBuildFile; fileRef = 7C914512270092D3004CA10B /* hr.sqlite */; };
		7C9145152700937F004CA10B /* DepartmentDAO.swift in Sources */ = {isa = PBXBuildFile; fileRef = 7C9145142700937F004CA10B /* DepartmentDAO.swift */; };
		7C91451727009FFA004CA10B /* EmployeeDAO.swift in Sources */ = {isa = PBXBuildFile; fileRef = 7C91451627009FFA004CA10B /* EmployeeDAO.swift */; };
		7C91451927020705004CA10B /* PickerController.swift in Sources */ = {isa = PBXBuildFile; fileRef = 7C91451827020705004CA10B /* PickerController.swift */; };
		7CC73E5B27034B020033753F /* DepartmentInfoVC.swift in Sources */ = {isa = PBXBuildFile; fileRef = 7CC73E5A27034B020033753F /* DepartmentInfoVC.swift */; };
/* End PBXBuildFile section */

/* Begin PBXFileReference section */
		7C9144E62700889B004CA10B /* Chapter06-HR.app */ = {isa = PBXFileReference; explicitFileType = wrapper.application; includeInIndex = 0; path = "Chapter06-HR.app"; sourceTree = BUILT_PRODUCTS_DIR; };
		7C9144E92700889B004CA10B /* AppDelegate.swift */ = {isa = PBXFileReference; lastKnownFileType = sourcecode.swift; path = AppDelegate.swift; sourceTree = "<group>"; };
		7C9144EB2700889B004CA10B /* SceneDelegate.swift */ = {isa = PBXFileReference; lastKnownFileType = sourcecode.swift; path = SceneDelegate.swift; sourceTree = "<group>"; };
		7C9144ED2700889B004CA10B /* ViewController.swift */ = {isa = PBXFileReference; lastKnownFileType = sourcecode.swift; path = ViewController.swift; sourceTree = "<group>"; };
		7C9144F02700889B004CA10B /* Base */ = {isa = PBXFileReference; lastKnownFileType = file.storyboard; name = Base; path = Base.lproj/Main.storyboard; sourceTree = "<group>"; };
		7C9144F22700889D004CA10B /* Assets.xcassets */ = {isa = PBXFileReference; lastKnownFileType = folder.assetcatalog; path = Assets.xcassets; sourceTree = "<group>"; };
		7C9144F52700889D004CA10B /* Base */ = {isa = PBXFileReference; lastKnownFileType = file.storyboard; name = Base; path = Base.lproj/LaunchScreen.storyboard; sourceTree = "<group>"; };
		7C9144F72700889D004CA10B /* Info.plist */ = {isa = PBXFileReference; lastKnownFileType = text.plist.xml; path = Info.plist; sourceTree = "<group>"; };
		7C9144FD270088CF004CA10B /* Chapter06-HR-Bridging-Header.h */ = {isa = PBXFileReference; lastKnownFileType = sourcecode.c.h; path = "Chapter06-HR-Bridging-Header.h"; sourceTree = "<group>"; };
		7C9144FE270088CF004CA10B /* FMDatabaseQueue.h */ = {isa = PBXFileReference; fileEncoding = 4; lastKnownFileType = sourcecode.c.h; name = FMDatabaseQueue.h; path = ../../../fmdb/src/fmdb/FMDatabaseQueue.h; sourceTree = "<group>"; };
		7C9144FF270088CF004CA10B /* FMDatabaseQueue.m */ = {isa = PBXFileReference; fileEncoding = 4; lastKnownFileType = sourcecode.c.objc; name = FMDatabaseQueue.m; path = ../../../fmdb/src/fmdb/FMDatabaseQueue.m; sourceTree = "<group>"; };
		7C914500270088CF004CA10B /* FMDatabasePool.m */ = {isa = PBXFileReference; fileEncoding = 4; lastKnownFileType = sourcecode.c.objc; name = FMDatabasePool.m; path = ../../../fmdb/src/fmdb/FMDatabasePool.m; sourceTree = "<group>"; };
		7C914501270088CF004CA10B /* FMDB.h */ = {isa = PBXFileReference; fileEncoding = 4; lastKnownFileType = sourcecode.c.h; name = FMDB.h; path = ../../../fmdb/src/fmdb/FMDB.h; sourceTree = "<group>"; };
		7C914502270088CF004CA10B /* FMDatabaseAdditions.h */ = {isa = PBXFileReference; fileEncoding = 4; lastKnownFileType = sourcecode.c.h; name = FMDatabaseAdditions.h; path = ../../../fmdb/src/fmdb/FMDatabaseAdditions.h; sourceTree = "<group>"; };
		7C914503270088D0004CA10B /* FMDatabasePool.h */ = {isa = PBXFileReference; fileEncoding = 4; lastKnownFileType = sourcecode.c.h; name = FMDatabasePool.h; path = ../../../fmdb/src/fmdb/FMDatabasePool.h; sourceTree = "<group>"; };
		7C914504270088D0004CA10B /* FMDatabase.m */ = {isa = PBXFileReference; fileEncoding = 4; lastKnownFileType = sourcecode.c.objc; name = FMDatabase.m; path = ../../../fmdb/src/fmdb/FMDatabase.m; sourceTree = "<group>"; };
		7C914505270088D0004CA10B /* FMDatabaseAdditions.m */ = {isa = PBXFileReference; fileEncoding = 4; lastKnownFileType = sourcecode.c.objc; name = FMDatabaseAdditions.m; path = ../../../fmdb/src/fmdb/FMDatabaseAdditions.m; sourceTree = "<group>"; };
		7C914506270088D0004CA10B /* FMResultSet.h */ = {isa = PBXFileReference; fileEncoding = 4; lastKnownFileType = sourcecode.c.h; name = FMResultSet.h; path = ../../../fmdb/src/fmdb/FMResultSet.h; sourceTree = "<group>"; };
		7C914507270088D0004CA10B /* FMDatabase.h */ = {isa = PBXFileReference; fileEncoding = 4; lastKnownFileType = sourcecode.c.h; name = FMDatabase.h; path = ../../../fmdb/src/fmdb/FMDatabase.h; sourceTree = "<group>"; };
		7C914508270088D0004CA10B /* FMResultSet.m */ = {isa = PBXFileReference; fileEncoding = 4; lastKnownFileType = sourcecode.c.objc; name = FMResultSet.m; path = ../../../fmdb/src/fmdb/FMResultSet.m; sourceTree = "<group>"; };
		7C91450E27008F78004CA10B /* DepartmentListVC.swift */ = {isa = PBXFileReference; lastKnownFileType = sourcecode.swift; path = DepartmentListVC.swift; sourceTree = "<group>"; };
		7C91451027008FD6004CA10B /* EmployeeListVC.swift */ = {isa = PBXFileReference; lastKnownFileType = sourcecode.swift; path = EmployeeListVC.swift; sourceTree = "<group>"; };
		7C914512270092D3004CA10B /* hr.sqlite */ = {isa = PBXFileReference; lastKnownFileType = file; name = hr.sqlite; path = ../../../hr.sqlite; sourceTree = "<group>"; };
		7C9145142700937F004CA10B /* DepartmentDAO.swift */ = {isa = PBXFileReference; lastKnownFileType = sourcecode.swift; path = DepartmentDAO.swift; sourceTree = "<group>"; };
		7C91451627009FFA004CA10B /* EmployeeDAO.swift */ = {isa = PBXFileReference; lastKnownFileType = sourcecode.swift; path = EmployeeDAO.swift; sourceTree = "<group>"; };
		7C91451827020705004CA10B /* PickerController.swift */ = {isa = PBXFileReference; lastKnownFileType = sourcecode.swift; path = PickerController.swift; sourceTree = "<group>"; };
		7CC73E5A27034B020033753F /* DepartmentInfoVC.swift */ = {isa = PBXFileReference; lastKnownFileType = sourcecode.swift; path = DepartmentInfoVC.swift; sourceTree = "<group>"; };
/* End PBXFileReference section */

/* Begin PBXFrameworksBuildPhase section */
		7C9144E32700889B004CA10B /* Frameworks */ = {
			isa = PBXFrameworksBuildPhase;
			buildActionMask = 2147483647;
			files = (
			);
			runOnlyForDeploymentPostprocessing = 0;
		};
/* End PBXFrameworksBuildPhase section */

/* Begin PBXGroup section */
		7C9144DD2700889B004CA10B = {
			isa = PBXGroup;
			children = (
				7C9144E82700889B004CA10B /* Chapter06-HR */,
				7C9144E72700889B004CA10B /* Products */,
			);
			sourceTree = "<group>";
		};
		7C9144E72700889B004CA10B /* Products */ = {
			isa = PBXGroup;
			children = (
				7C9144E62700889B004CA10B /* Chapter06-HR.app */,
			);
			name = Products;
			sourceTree = "<group>";
		};
		7C9144E82700889B004CA10B /* Chapter06-HR */ = {
			isa = PBXGroup;
			children = (
				7C914512270092D3004CA10B /* hr.sqlite */,
				7C914507270088D0004CA10B /* FMDatabase.h */,
				7C914504270088D0004CA10B /* FMDatabase.m */,
				7C914502270088CF004CA10B /* FMDatabaseAdditions.h */,
				7C914505270088D0004CA10B /* FMDatabaseAdditions.m */,
				7C914503270088D0004CA10B /* FMDatabasePool.h */,
				7C914500270088CF004CA10B /* FMDatabasePool.m */,
				7C9144FE270088CF004CA10B /* FMDatabaseQueue.h */,
				7C9144FF270088CF004CA10B /* FMDatabaseQueue.m */,
				7C914501270088CF004CA10B /* FMDB.h */,
				7C914506270088D0004CA10B /* FMResultSet.h */,
				7C914508270088D0004CA10B /* FMResultSet.m */,
				7C9144E92700889B004CA10B /* AppDelegate.swift */,
				7C9144EB2700889B004CA10B /* SceneDelegate.swift */,
				7C9144ED2700889B004CA10B /* ViewController.swift */,
				7C9144EF2700889B004CA10B /* Main.storyboard */,
				7C9144F22700889D004CA10B /* Assets.xcassets */,
				7C9144F42700889D004CA10B /* LaunchScreen.storyboard */,
				7C9144F72700889D004CA10B /* Info.plist */,
				7C9144FD270088CF004CA10B /* Chapter06-HR-Bridging-Header.h */,
				7C91450E27008F78004CA10B /* DepartmentListVC.swift */,
				7C91451027008FD6004CA10B /* EmployeeListVC.swift */,
				7C9145142700937F004CA10B /* DepartmentDAO.swift */,
				7C91451627009FFA004CA10B /* EmployeeDAO.swift */,
				7C91451827020705004CA10B /* PickerController.swift */,
				7CC73E5A27034B020033753F /* DepartmentInfoVC.swift */,
			);
			path = "Chapter06-HR";
			sourceTree = "<group>";
		};
/* End PBXGroup section */

/* Begin PBXNativeTarget section */
		7C9144E52700889B004CA10B /* Chapter06-HR */ = {
			isa = PBXNativeTarget;
			buildConfigurationList = 7C9144FA2700889D004CA10B /* Build configuration list for PBXNativeTarget "Chapter06-HR" */;
			buildPhases = (
				7C9144E22700889B004CA10B /* Sources */,
				7C9144E32700889B004CA10B /* Frameworks */,
				7C9144E42700889B004CA10B /* Resources */,
			);
			buildRules = (
			);
			dependencies = (
			);
			name = "Chapter06-HR";
			productName = "Chapter06-HR";
			productReference = 7C9144E62700889B004CA10B /* Chapter06-HR.app */;
			productType = "com.apple.product-type.application";
		};
/* End PBXNativeTarget section */

/* Begin PBXProject section */
		7C9144DE2700889B004CA10B /* Project object */ = {
			isa = PBXProject;
			attributes = {
				LastSwiftUpdateCheck = 1250;
				LastUpgradeCheck = 1250;
				TargetAttributes = {
					7C9144E52700889B004CA10B = {
						CreatedOnToolsVersion = 12.5.1;
						LastSwiftMigration = 1250;
					};
				};
			};
			buildConfigurationList = 7C9144E12700889B004CA10B /* Build configuration list for PBXProject "Chapter06-HR" */;
			compatibilityVersion = "Xcode 9.3";
			developmentRegion = en;
			hasScannedForEncodings = 0;
			knownRegions = (
				en,
				Base,
			);
			mainGroup = 7C9144DD2700889B004CA10B;
			productRefGroup = 7C9144E72700889B004CA10B /* Products */;
			projectDirPath = "";
			projectRoot = "";
			targets = (
				7C9144E52700889B004CA10B /* Chapter06-HR */,
			);
		};
/* End PBXProject section */

/* Begin PBXResourcesBuildPhase section */
		7C9144E42700889B004CA10B /* Resources */ = {
			isa = PBXResourcesBuildPhase;
			buildActionMask = 2147483647;
			files = (
				7C9144F62700889D004CA10B /* LaunchScreen.storyboard in Resources */,
				7C9144F32700889D004CA10B /* Assets.xcassets in Resources */,
				7C9144F12700889B004CA10B /* Main.storyboard in Resources */,
				7C914513270092D3004CA10B /* hr.sqlite in Resources */,
			);
			runOnlyForDeploymentPostprocessing = 0;
		};
/* End PBXResourcesBuildPhase section */

/* Begin PBXSourcesBuildPhase section */
		7C9144E22700889B004CA10B /* Sources */ = {
			isa = PBXSourcesBuildPhase;
			buildActionMask = 2147483647;
			files = (
				7C91451727009FFA004CA10B /* EmployeeDAO.swift in Sources */,
				7C9144EE2700889B004CA10B /* ViewController.swift in Sources */,
				7C91451927020705004CA10B /* PickerController.swift in Sources */,
				7C91450F27008F78004CA10B /* DepartmentListVC.swift in Sources */,
				7CC73E5B27034B020033753F /* DepartmentInfoVC.swift in Sources */,
				7C9145152700937F004CA10B /* DepartmentDAO.swift in Sources */,
				7C91451127008FD6004CA10B /* EmployeeListVC.swift in Sources */,
				7C914509270088D0004CA10B /* FMDatabaseQueue.m in Sources */,
				7C91450A270088D0004CA10B /* FMDatabasePool.m in Sources */,
				7C91450B270088D0004CA10B /* FMDatabase.m in Sources */,
				7C9144EA2700889B004CA10B /* AppDelegate.swift in Sources */,
				7C91450C270088D0004CA10B /* FMDatabaseAdditions.m in Sources */,
				7C91450D270088D0004CA10B /* FMResultSet.m in Sources */,
				7C9144EC2700889B004CA10B /* SceneDelegate.swift in Sources */,
			);
			runOnlyForDeploymentPostprocessing = 0;
		};
/* End PBXSourcesBuildPhase section */

/* Begin PBXVariantGroup section */
		7C9144EF2700889B004CA10B /* Main.storyboard */ = {
			isa = PBXVariantGroup;
			children = (
				7C9144F02700889B004CA10B /* Base */,
			);
			name = Main.storyboard;
			sourceTree = "<group>";
		};
		7C9144F42700889D004CA10B /* LaunchScreen.storyboard */ = {
			isa = PBXVariantGroup;
			children = (
				7C9144F52700889D004CA10B /* Base */,
			);
			name = LaunchScreen.storyboard;
			sourceTree = "<group>";
		};
/* End PBXVariantGroup section */

/* Begin XCBuildConfiguration section */
		7C9144F82700889D004CA10B /* Debug */ = {
			isa = XCBuildConfiguration;
			buildSettings = {
				ALWAYS_SEARCH_USER_PATHS = NO;
				CLANG_ANALYZER_NONNULL = YES;
				CLANG_ANALYZER_NUMBER_OBJECT_CONVERSION = YES_AGGRESSIVE;
				CLANG_CXX_LANGUAGE_STANDARD = "gnu++14";
				CLANG_CXX_LIBRARY = "libc++";
				CLANG_ENABLE_MODULES = YES;
				CLANG_ENABLE_OBJC_ARC = YES;
				CLANG_ENABLE_OBJC_WEAK = YES;
				CLANG_WARN_BLOCK_CAPTURE_AUTORELEASING = YES;
				CLANG_WARN_BOOL_CONVERSION = YES;
				CLANG_WARN_COMMA = YES;
				CLANG_WARN_CONSTANT_CONVERSION = YES;
				CLANG_WARN_DEPRECATED_OBJC_IMPLEMENTATIONS = YES;
				CLANG_WARN_DIRECT_OBJC_ISA_USAGE = YES_ERROR;
				CLANG_WARN_DOCUMENTATION_COMMENTS = YES;
				CLANG_WARN_EMPTY_BODY = YES;
				CLANG_WARN_ENUM_CONVERSION = YES;
				CLANG_WARN_INFINITE_RECURSION = YES;
				CLANG_WARN_INT_CONVERSION = YES;
				CLANG_WARN_NON_LITERAL_NULL_CONVERSION = YES;
				CLANG_WARN_OBJC_IMPLICIT_RETAIN_SELF = YES;
				CLANG_WARN_OBJC_LITERAL_CONVERSION = YES;
				CLANG_WARN_OBJC_ROOT_CLASS = YES_ERROR;
				CLANG_WARN_QUOTED_INCLUDE_IN_FRAMEWORK_HEADER = YES;
				CLANG_WARN_RANGE_LOOP_ANALYSIS = YES;
				CLANG_WARN_STRICT_PROTOTYPES = YES;
				CLANG_WARN_SUSPICIOUS_MOVE = YES;
				CLANG_WARN_UNGUARDED_AVAILABILITY = YES_AGGRESSIVE;
				CLANG_WARN_UNREACHABLE_CODE = YES;
				CLANG_WARN__DUPLICATE_METHOD_MATCH = YES;
				COPY_PHASE_STRIP = NO;
				DEBUG_INFORMATION_FORMAT = dwarf;
				ENABLE_STRICT_OBJC_MSGSEND = YES;
				ENABLE_TESTABILITY = YES;
				GCC_C_LANGUAGE_STANDARD = gnu11;
				GCC_DYNAMIC_NO_PIC = NO;
				GCC_NO_COMMON_BLOCKS = YES;
				GCC_OPTIMIZATION_LEVEL = 0;
				GCC_PREPROCESSOR_DEFINITIONS = (
					"DEBUG=1",
					"$(inherited)",
				);
				GCC_WARN_64_TO_32_BIT_CONVERSION = YES;
				GCC_WARN_ABOUT_RETURN_TYPE = YES_ERROR;
				GCC_WARN_UNDECLARED_SELECTOR = YES;
				GCC_WARN_UNINITIALIZED_AUTOS = YES_AGGRESSIVE;
				GCC_WARN_UNUSED_FUNCTION = YES;
				GCC_WARN_UNUSED_VARIABLE = YES;
				IPHONEOS_DEPLOYMENT_TARGET = 14.5;
				MTL_ENABLE_DEBUG_INFO = INCLUDE_SOURCE;
				MTL_FAST_MATH = YES;
				ONLY_ACTIVE_ARCH = YES;
				SDKROOT = iphoneos;
				SWIFT_ACTIVE_COMPILATION_CONDITIONS = DEBUG;
				SWIFT_OPTIMIZATION_LEVEL = "-Onone";
			};
			name = Debug;
		};
		7C9144F92700889D004CA10B /* Release */ = {
			isa = XCBuildConfiguration;
			buildSettings = {
				ALWAYS_SEARCH_USER_PATHS = NO;
				CLANG_ANALYZER_NONNULL = YES;
				CLANG_ANALYZER_NUMBER_OBJECT_CONVERSION = YES_AGGRESSIVE;
				CLANG_CXX_LANGUAGE_STANDARD = "gnu++14";
				CLANG_CXX_LIBRARY = "libc++";
				CLANG_ENABLE_MODULES = YES;
				CLANG_ENABLE_OBJC_ARC = YES;
				CLANG_ENABLE_OBJC_WEAK = YES;
				CLANG_WARN_BLOCK_CAPTURE_AUTORELEASING = YES;
				CLANG_WARN_BOOL_CONVERSION = YES;
				CLANG_WARN_COMMA = YES;
				CLANG_WARN_CONSTANT_CONVERSION = YES;
				CLANG_WARN_DEPRECATED_OBJC_IMPLEMENTATIONS = YES;
				CLANG_WARN_DIRECT_OBJC_ISA_USAGE = YES_ERROR;
				CLANG_WARN_DOCUMENTATION_COMMENTS = YES;
				CLANG_WARN_EMPTY_BODY = YES;
				CLANG_WARN_ENUM_CONVERSION = YES;
				CLANG_WARN_INFINITE_RECURSION = YES;
				CLANG_WARN_INT_CONVERSION = YES;
				CLANG_WARN_NON_LITERAL_NULL_CONVERSION = YES;
				CLANG_WARN_OBJC_IMPLICIT_RETAIN_SELF = YES;
				CLANG_WARN_OBJC_LITERAL_CONVERSION = YES;
				CLANG_WARN_OBJC_ROOT_CLASS = YES_ERROR;
				CLANG_WARN_QUOTED_INCLUDE_IN_FRAMEWORK_HEADER = YES;
				CLANG_WARN_RANGE_LOOP_ANALYSIS = YES;
				CLANG_WARN_STRICT_PROTOTYPES = YES;
				CLANG_WARN_SUSPICIOUS_MOVE = YES;
				CLANG_WARN_UNGUARDED_AVAILABILITY = YES_AGGRESSIVE;
				CLANG_WARN_UNREACHABLE_CODE = YES;
				CLANG_WARN__DUPLICATE_METHOD_MATCH = YES;
				COPY_PHASE_STRIP = NO;
				DEBUG_INFORMATION_FORMAT = "dwarf-with-dsym";
				ENABLE_NS_ASSERTIONS = NO;
				ENABLE_STRICT_OBJC_MSGSEND = YES;
				GCC_C_LANGUAGE_STANDARD = gnu11;
				GCC_NO_COMMON_BLOCKS = YES;
				GCC_WARN_64_TO_32_BIT_CONVERSION = YES;
				GCC_WARN_ABOUT_RETURN_TYPE = YES_ERROR;
				GCC_WARN_UNDECLARED_SELECTOR = YES;
				GCC_WARN_UNINITIALIZED_AUTOS = YES_AGGRESSIVE;
				GCC_WARN_UNUSED_FUNCTION = YES;
				GCC_WARN_UNUSED_VARIABLE = YES;
				IPHONEOS_DEPLOYMENT_TARGET = 14.5;
				MTL_ENABLE_DEBUG_INFO = NO;
				MTL_FAST_MATH = YES;
				SDKROOT = iphoneos;
				SWIFT_COMPILATION_MODE = wholemodule;
				SWIFT_OPTIMIZATION_LEVEL = "-O";
				VALIDATE_PRODUCT = YES;
			};
			name = Release;
		};
		7C9144FB2700889D004CA10B /* Debug */ = {
			isa = XCBuildConfiguration;
			buildSettings = {
				ASSETCATALOG_COMPILER_APPICON_NAME = AppIcon;
				ASSETCATALOG_COMPILER_GLOBAL_ACCENT_COLOR_NAME = AccentColor;
				CLANG_ENABLE_MODULES = YES;
				CODE_SIGN_STYLE = Automatic;
				INFOPLIST_FILE = "Chapter06-HR/Info.plist";
				LD_RUNPATH_SEARCH_PATHS = (
					"$(inherited)",
					"@executable_path/Frameworks",
				);
				PRODUCT_BUNDLE_IDENTIFIER = "com.liam.iOSstudy.Chapter06-HR";
				PRODUCT_NAME = "$(TARGET_NAME)";
				SWIFT_OBJC_BRIDGING_HEADER = "Chapter06-HR/Chapter06-HR-Bridging-Header.h";
				SWIFT_OPTIMIZATION_LEVEL = "-Onone";
				SWIFT_VERSION = 5.0;
				TARGETED_DEVICE_FAMILY = "1,2";
			};
			name = Debug;
		};
		7C9144FC2700889D004CA10B /* Release */ = {
			isa = XCBuildConfiguration;
			buildSettings = {
				ASSETCATALOG_COMPILER_APPICON_NAME = AppIcon;
				ASSETCATALOG_COMPILER_GLOBAL_ACCENT_COLOR_NAME = AccentColor;
				CLANG_ENABLE_MODULES = YES;
				CODE_SIGN_STYLE = Automatic;
				INFOPLIST_FILE = "Chapter06-HR/Info.plist";
				LD_RUNPATH_SEARCH_PATHS = (
					"$(inherited)",
					"@executable_path/Frameworks",
				);
				PRODUCT_BUNDLE_IDENTIFIER = "com.liam.iOSstudy.Chapter06-HR";
				PRODUCT_NAME = "$(TARGET_NAME)";
				SWIFT_OBJC_BRIDGING_HEADER = "Chapter06-HR/Chapter06-HR-Bridging-Header.h";
				SWIFT_VERSION = 5.0;
				TARGETED_DEVICE_FAMILY = "1,2";
			};
			name = Release;
		};
/* End XCBuildConfiguration section */

/* Begin XCConfigurationList section */
		7C9144E12700889B004CA10B /* Build configuration list for PBXProject "Chapter06-HR" */ = {
			isa = XCConfigurationList;
			buildConfigurations = (
				7C9144F82700889D004CA10B /* Debug */,
				7C9144F92700889D004CA10B /* Release */,
			);
			defaultConfigurationIsVisible = 0;
			defaultConfigurationName = Release;
		};
		7C9144FA2700889D004CA10B /* Build configuration list for PBXNativeTarget "Chapter06-HR" */ = {
			isa = XCConfigurationList;
			buildConfigurations = (
				7C9144FB2700889D004CA10B /* Debug */,
				7C9144FC2700889D004CA10B /* Release */,
			);
			defaultConfigurationIsVisible = 0;
			defaultConfigurationName = Release;
		};
/* End XCConfigurationList section */
	};
	rootObject = 7C9144DE2700889B004CA10B /* Project object */;
}
