// !$*UTF8*$!
{
	archiveVersion = 1;
	classes = {
	};
	objectVersion = 55;
	objects = {

/* Begin PBXBuildFile section */
		7C60BC9527AFE19D002BEF81 /* AppDelegate.swift in Sources */ = {isa = PBXBuildFile; fileRef = 7C60BC9427AFE19D002BEF81 /* AppDelegate.swift */; };
		7C60BC9727AFE19D002BEF81 /* SceneDelegate.swift in Sources */ = {isa = PBXBuildFile; fileRef = 7C60BC9627AFE19D002BEF81 /* SceneDelegate.swift */; };
		7C60BC9E27AFE1A3002BEF81 /* Assets.xcassets in Resources */ = {isa = PBXBuildFile; fileRef = 7C60BC9D27AFE1A3002BEF81 /* Assets.xcassets */; };
		7C60BCA127AFE1A3002BEF81 /* LaunchScreen.storyboard in Resources */ = {isa = PBXBuildFile; fileRef = 7C60BC9F27AFE1A3002BEF81 /* LaunchScreen.storyboard */; };
		7C60BCCF27AFEC54002BEF81 /* map_pinup_custom@3x.png in Resources */ = {isa = PBXBuildFile; fileRef = 7C60BCAA27AFEC54002BEF81 /* map_pinup_custom@3x.png */; };
		7C60BCD027AFEC54002BEF81 /* map_pin_custom.png in Resources */ = {isa = PBXBuildFile; fileRef = 7C60BCAB27AFEC54002BEF81 /* map_pin_custom.png */; };
		7C60BCD127AFEC54002BEF81 /* shadow_balloon.png in Resources */ = {isa = PBXBuildFile; fileRef = 7C60BCAC27AFEC54002BEF81 /* shadow_balloon.png */; };
		7C60BCD227AFEC54002BEF81 /* map_pinup.png in Resources */ = {isa = PBXBuildFile; fileRef = 7C60BCAD27AFEC54002BEF81 /* map_pinup.png */; };
		7C60BCD327AFEC54002BEF81 /* detail_button.png in Resources */ = {isa = PBXBuildFile; fileRef = 7C60BCAE27AFEC54002BEF81 /* detail_button.png */; };
		7C60BCD427AFEC54002BEF81 /* map_pin_custom@3x.png in Resources */ = {isa = PBXBuildFile; fileRef = 7C60BCAF27AFEC54002BEF81 /* map_pin_custom@3x.png */; };
		7C60BCD527AFEC54002BEF81 /* map_pinup@3x.png in Resources */ = {isa = PBXBuildFile; fileRef = 7C60BCB027AFEC54002BEF81 /* map_pinup@3x.png */; };
		7C60BCD627AFEC54002BEF81 /* map_pin_shadow@3x.png in Resources */ = {isa = PBXBuildFile; fileRef = 7C60BCB127AFEC54002BEF81 /* map_pin_shadow@3x.png */; };
		7C60BCD727AFEC54002BEF81 /* copyright.png in Resources */ = {isa = PBXBuildFile; fileRef = 7C60BCB227AFEC54002BEF81 /* copyright.png */; };
		7C60BCD827AFEC54002BEF81 /* th_line.png in Resources */ = {isa = PBXBuildFile; fileRef = 7C60BCB327AFEC54002BEF81 /* th_line.png */; };
		7C60BCD927AFEC54002BEF81 /* map_pin_red@3x.png in Resources */ = {isa = PBXBuildFile; fileRef = 7C60BCB427AFEC54002BEF81 /* map_pin_red@3x.png */; };
		7C60BCDA27AFEC54002BEF81 /* daum_copyright.png in Resources */ = {isa = PBXBuildFile; fileRef = 7C60BCB527AFEC54002BEF81 /* daum_copyright.png */; };
		7C60BCDB27AFEC54002BEF81 /* map_pin@3x.png in Resources */ = {isa = PBXBuildFile; fileRef = 7C60BCB627AFEC54002BEF81 /* map_pin@3x.png */; };
		7C60BCDC27AFEC54002BEF81 /* map_present_tracking.png in Resources */ = {isa = PBXBuildFile; fileRef = 7C60BCB727AFEC54002BEF81 /* map_present_tracking.png */; };
		7C60BCDD27AFEC54002BEF81 /* map_pin_red.png in Resources */ = {isa = PBXBuildFile; fileRef = 7C60BCB827AFEC54002BEF81 /* map_pin_red.png */; };
		7C60BCDE27AFEC54002BEF81 /* info_box.png in Resources */ = {isa = PBXBuildFile; fileRef = 7C60BCC227AFEC54002BEF81 /* info_box.png */; };
		7C60BCDF27AFEC54002BEF81 /* point_sprite.png in Resources */ = {isa = PBXBuildFile; fileRef = 7C60BCC327AFEC54002BEF81 /* point_sprite.png */; };
		7C60BCE027AFEC54002BEF81 /* map_pinup_custom.png in Resources */ = {isa = PBXBuildFile; fileRef = 7C60BCC427AFEC54002BEF81 /* map_pinup_custom.png */; };
		7C60BCE127AFEC54002BEF81 /* info_box_tail.png in Resources */ = {isa = PBXBuildFile; fileRef = 7C60BCC527AFEC54002BEF81 /* info_box_tail.png */; };
		7C60BCE227AFEC54002BEF81 /* noimage256.png in Resources */ = {isa = PBXBuildFile; fileRef = 7C60BCC627AFEC54002BEF81 /* noimage256.png */; };
		7C60BCE327AFEC54002BEF81 /* map_present_direction.png in Resources */ = {isa = PBXBuildFile; fileRef = 7C60BCC727AFEC54002BEF81 /* map_present_direction.png */; };
		7C60BCE427AFEC54002BEF81 /* map_pin.png in Resources */ = {isa = PBXBuildFile; fileRef = 7C60BCC827AFEC54002BEF81 /* map_pin.png */; };
		7C60BCE527AFEC54002BEF81 /* map_present.png in Resources */ = {isa = PBXBuildFile; fileRef = 7C60BCC927AFEC54002BEF81 /* map_present.png */; };
		7C60BCE627AFEC54002BEF81 /* noimage.png in Resources */ = {isa = PBXBuildFile; fileRef = 7C60BCCA27AFEC54002BEF81 /* noimage.png */; };
		7C60BCE727AFEC54002BEF81 /* map_present_background_update.png in Resources */ = {isa = PBXBuildFile; fileRef = 7C60BCCB27AFEC54002BEF81 /* map_present_background_update.png */; };
		7C60BCE827AFEC54002BEF81 /* daum_th_line.png in Resources */ = {isa = PBXBuildFile; fileRef = 7C60BCCC27AFEC54002BEF81 /* daum_th_line.png */; };
		7C60BCE927AFEC54002BEF81 /* map_pin_shadow.png in Resources */ = {isa = PBXBuildFile; fileRef = 7C60BCCD27AFEC54002BEF81 /* map_pin_shadow.png */; };
		7C60BCEA27AFEC54002BEF81 /* DaumMap.framework in Frameworks */ = {isa = PBXBuildFile; fileRef = 7C60BCCE27AFEC54002BEF81 /* DaumMap.framework */; };
		7C60BCEE27AFED22002BEF81 /* OpenGLES.framework in Frameworks */ = {isa = PBXBuildFile; fileRef = 7C60BCED27AFED22002BEF81 /* OpenGLES.framework */; };
		7C60BCF027AFED30002BEF81 /* SystemConfiguration.framework in Frameworks */ = {isa = PBXBuildFile; fileRef = 7C60BCEF27AFED30002BEF81 /* SystemConfiguration.framework */; };
		7C60BCF227AFED57002BEF81 /* CoreLocation.framework in Frameworks */ = {isa = PBXBuildFile; fileRef = 7C60BCF127AFED57002BEF81 /* CoreLocation.framework */; };
		7C60BCF427AFED68002BEF81 /* QuartzCore.framework in Frameworks */ = {isa = PBXBuildFile; fileRef = 7C60BCF327AFED68002BEF81 /* QuartzCore.framework */; };
		7C60BCF627AFED87002BEF81 /* libc++.tbd in Frameworks */ = {isa = PBXBuildFile; fileRef = 7C60BCF527AFED87002BEF81 /* libc++.tbd */; };
		7C60BCF827AFED94002BEF81 /* libxml2.tbd in Frameworks */ = {isa = PBXBuildFile; fileRef = 7C60BCF727AFED94002BEF81 /* libxml2.tbd */; };
		7C60BCFA27AFEDA7002BEF81 /* libsqlite3.tbd in Frameworks */ = {isa = PBXBuildFile; fileRef = 7C60BCF927AFEDA7002BEF81 /* libsqlite3.tbd */; };
		7CDC398B27B2C7DC007370D9 /* LocationData.swift in Sources */ = {isa = PBXBuildFile; fileRef = 7CDC398A27B2C7DC007370D9 /* LocationData.swift */; };
		7CDC398E27B2C881007370D9 /* KLDocument.swift in Sources */ = {isa = PBXBuildFile; fileRef = 7CDC398D27B2C881007370D9 /* KLDocument.swift */; };
		7CDC399027B2C932007370D9 /* DetailListCellData.swift in Sources */ = {isa = PBXBuildFile; fileRef = 7CDC398F27B2C932007370D9 /* DetailListCellData.swift */; };
		7CDC399227C25ACF007370D9 /* LocationInfomationViewController.swift in Sources */ = {isa = PBXBuildFile; fileRef = 7CDC399127C25ACF007370D9 /* LocationInfomationViewController.swift */; };
		7CDC399527C25B25007370D9 /* LocationInfomationViewModel.swift in Sources */ = {isa = PBXBuildFile; fileRef = 7CDC399427C25B25007370D9 /* LocationInfomationViewModel.swift */; };
		7CDC399827C25C5D007370D9 /* RxBlocking in Frameworks */ = {isa = PBXBuildFile; productRef = 7CDC399727C25C5D007370D9 /* RxBlocking */; };
		7CDC399A27C25C5D007370D9 /* RxCocoa in Frameworks */ = {isa = PBXBuildFile; productRef = 7CDC399927C25C5D007370D9 /* RxCocoa */; };
		7CDC399C27C25C5D007370D9 /* RxSwift in Frameworks */ = {isa = PBXBuildFile; productRef = 7CDC399B27C25C5D007370D9 /* RxSwift */; };
		7CDC399E27C25C5D007370D9 /* RxTest in Frameworks */ = {isa = PBXBuildFile; productRef = 7CDC399D27C25C5D007370D9 /* RxTest */; };
		7CDC39A127C25C94007370D9 /* SnapKit in Frameworks */ = {isa = PBXBuildFile; productRef = 7CDC39A027C25C94007370D9 /* SnapKit */; };
		7CDC39A327C26B7B007370D9 /* MTMapViewError.swift in Sources */ = {isa = PBXBuildFile; fileRef = 7CDC39A227C26B7B007370D9 /* MTMapViewError.swift */; };
/* End PBXBuildFile section */

/* Begin PBXFileReference section */
		7C60BC9127AFE19D002BEF81 /* FindCVS.app */ = {isa = PBXFileReference; explicitFileType = wrapper.application; includeInIndex = 0; path = FindCVS.app; sourceTree = BUILT_PRODUCTS_DIR; };
		7C60BC9427AFE19D002BEF81 /* AppDelegate.swift */ = {isa = PBXFileReference; lastKnownFileType = sourcecode.swift; path = AppDelegate.swift; sourceTree = "<group>"; };
		7C60BC9627AFE19D002BEF81 /* SceneDelegate.swift */ = {isa = PBXFileReference; lastKnownFileType = sourcecode.swift; path = SceneDelegate.swift; sourceTree = "<group>"; };
		7C60BC9D27AFE1A3002BEF81 /* Assets.xcassets */ = {isa = PBXFileReference; lastKnownFileType = folder.assetcatalog; path = Assets.xcassets; sourceTree = "<group>"; };
		7C60BCA027AFE1A3002BEF81 /* Base */ = {isa = PBXFileReference; lastKnownFileType = file.storyboard; name = Base; path = Base.lproj/LaunchScreen.storyboard; sourceTree = "<group>"; };
		7C60BCA227AFE1A3002BEF81 /* Info.plist */ = {isa = PBXFileReference; lastKnownFileType = text.plist.xml; path = Info.plist; sourceTree = "<group>"; };
		7C60BCAA27AFEC54002BEF81 /* map_pinup_custom@3x.png */ = {isa = PBXFileReference; lastKnownFileType = image.png; path = "map_pinup_custom@3x.png"; sourceTree = "<group>"; };
		7C60BCAB27AFEC54002BEF81 /* map_pin_custom.png */ = {isa = PBXFileReference; lastKnownFileType = image.png; path = map_pin_custom.png; sourceTree = "<group>"; };
		7C60BCAC27AFEC54002BEF81 /* shadow_balloon.png */ = {isa = PBXFileReference; lastKnownFileType = image.png; path = shadow_balloon.png; sourceTree = "<group>"; };
		7C60BCAD27AFEC54002BEF81 /* map_pinup.png */ = {isa = PBXFileReference; lastKnownFileType = image.png; path = map_pinup.png; sourceTree = "<group>"; };
		7C60BCAE27AFEC54002BEF81 /* detail_button.png */ = {isa = PBXFileReference; lastKnownFileType = image.png; path = detail_button.png; sourceTree = "<group>"; };
		7C60BCAF27AFEC54002BEF81 /* map_pin_custom@3x.png */ = {isa = PBXFileReference; lastKnownFileType = image.png; path = "map_pin_custom@3x.png"; sourceTree = "<group>"; };
		7C60BCB027AFEC54002BEF81 /* map_pinup@3x.png */ = {isa = PBXFileReference; lastKnownFileType = image.png; path = "map_pinup@3x.png"; sourceTree = "<group>"; };
		7C60BCB127AFEC54002BEF81 /* map_pin_shadow@3x.png */ = {isa = PBXFileReference; lastKnownFileType = image.png; path = "map_pin_shadow@3x.png"; sourceTree = "<group>"; };
		7C60BCB227AFEC54002BEF81 /* copyright.png */ = {isa = PBXFileReference; lastKnownFileType = image.png; path = copyright.png; sourceTree = "<group>"; };
		7C60BCB327AFEC54002BEF81 /* th_line.png */ = {isa = PBXFileReference; lastKnownFileType = image.png; path = th_line.png; sourceTree = "<group>"; };
		7C60BCB427AFEC54002BEF81 /* map_pin_red@3x.png */ = {isa = PBXFileReference; lastKnownFileType = image.png; path = "map_pin_red@3x.png"; sourceTree = "<group>"; };
		7C60BCB527AFEC54002BEF81 /* daum_copyright.png */ = {isa = PBXFileReference; lastKnownFileType = image.png; path = daum_copyright.png; sourceTree = "<group>"; };
		7C60BCB627AFEC54002BEF81 /* map_pin@3x.png */ = {isa = PBXFileReference; lastKnownFileType = image.png; path = "map_pin@3x.png"; sourceTree = "<group>"; };
		7C60BCB727AFEC54002BEF81 /* map_present_tracking.png */ = {isa = PBXFileReference; lastKnownFileType = image.png; path = map_present_tracking.png; sourceTree = "<group>"; };
		7C60BCB827AFEC54002BEF81 /* map_pin_red.png */ = {isa = PBXFileReference; lastKnownFileType = image.png; path = map_pin_red.png; sourceTree = "<group>"; };
		7C60BCBA27AFEC54002BEF81 /* MTMapPOIItem.h */ = {isa = PBXFileReference; fileEncoding = 4; lastKnownFileType = sourcecode.c.h; path = MTMapPOIItem.h; sourceTree = "<group>"; };
		7C60BCBB27AFEC54002BEF81 /* MTMapCameraUpdate.h */ = {isa = PBXFileReference; fileEncoding = 4; lastKnownFileType = sourcecode.c.h; path = MTMapCameraUpdate.h; sourceTree = "<group>"; };
		7C60BCBC27AFEC54002BEF81 /* MTMapReverseGeoCoder.h */ = {isa = PBXFileReference; fileEncoding = 4; lastKnownFileType = sourcecode.c.h; path = MTMapReverseGeoCoder.h; sourceTree = "<group>"; };
		7C60BCBD27AFEC54002BEF81 /* MTMapPolyline.h */ = {isa = PBXFileReference; fileEncoding = 4; lastKnownFileType = sourcecode.c.h; path = MTMapPolyline.h; sourceTree = "<group>"; };
		7C60BCBE27AFEC54002BEF81 /* MTMapLocationMarkerItem.h */ = {isa = PBXFileReference; fileEncoding = 4; lastKnownFileType = sourcecode.c.h; path = MTMapLocationMarkerItem.h; sourceTree = "<group>"; };
		7C60BCBF27AFEC54002BEF81 /* MTMapView.h */ = {isa = PBXFileReference; fileEncoding = 4; lastKnownFileType = sourcecode.c.h; path = MTMapView.h; sourceTree = "<group>"; };
		7C60BCC027AFEC54002BEF81 /* MTMapGeometry.h */ = {isa = PBXFileReference; fileEncoding = 4; lastKnownFileType = sourcecode.c.h; path = MTMapGeometry.h; sourceTree = "<group>"; };
		7C60BCC127AFEC54002BEF81 /* MTMapCircle.h */ = {isa = PBXFileReference; fileEncoding = 4; lastKnownFileType = sourcecode.c.h; path = MTMapCircle.h; sourceTree = "<group>"; };
		7C60BCC227AFEC54002BEF81 /* info_box.png */ = {isa = PBXFileReference; lastKnownFileType = image.png; path = info_box.png; sourceTree = "<group>"; };
		7C60BCC327AFEC54002BEF81 /* point_sprite.png */ = {isa = PBXFileReference; lastKnownFileType = image.png; path = point_sprite.png; sourceTree = "<group>"; };
		7C60BCC427AFEC54002BEF81 /* map_pinup_custom.png */ = {isa = PBXFileReference; lastKnownFileType = image.png; path = map_pinup_custom.png; sourceTree = "<group>"; };
		7C60BCC527AFEC54002BEF81 /* info_box_tail.png */ = {isa = PBXFileReference; lastKnownFileType = image.png; path = info_box_tail.png; sourceTree = "<group>"; };
		7C60BCC627AFEC54002BEF81 /* noimage256.png */ = {isa = PBXFileReference; lastKnownFileType = image.png; path = noimage256.png; sourceTree = "<group>"; };
		7C60BCC727AFEC54002BEF81 /* map_present_direction.png */ = {isa = PBXFileReference; lastKnownFileType = image.png; path = map_present_direction.png; sourceTree = "<group>"; };
		7C60BCC827AFEC54002BEF81 /* map_pin.png */ = {isa = PBXFileReference; lastKnownFileType = image.png; path = map_pin.png; sourceTree = "<group>"; };
		7C60BCC927AFEC54002BEF81 /* map_present.png */ = {isa = PBXFileReference; lastKnownFileType = image.png; path = map_present.png; sourceTree = "<group>"; };
		7C60BCCA27AFEC54002BEF81 /* noimage.png */ = {isa = PBXFileReference; lastKnownFileType = image.png; path = noimage.png; sourceTree = "<group>"; };
		7C60BCCB27AFEC54002BEF81 /* map_present_background_update.png */ = {isa = PBXFileReference; lastKnownFileType = image.png; path = map_present_background_update.png; sourceTree = "<group>"; };
		7C60BCCC27AFEC54002BEF81 /* daum_th_line.png */ = {isa = PBXFileReference; lastKnownFileType = image.png; path = daum_th_line.png; sourceTree = "<group>"; };
		7C60BCCD27AFEC54002BEF81 /* map_pin_shadow.png */ = {isa = PBXFileReference; lastKnownFileType = image.png; path = map_pin_shadow.png; sourceTree = "<group>"; };
		7C60BCCE27AFEC54002BEF81 /* DaumMap.framework */ = {isa = PBXFileReference; lastKnownFileType = wrapper.framework; path = DaumMap.framework; sourceTree = "<group>"; };
		7C60BCEB27AFECB2002BEF81 /* BridgingHeader.h */ = {isa = PBXFileReference; lastKnownFileType = sourcecode.c.h; path = BridgingHeader.h; sourceTree = "<group>"; };
		7C60BCED27AFED22002BEF81 /* OpenGLES.framework */ = {isa = PBXFileReference; lastKnownFileType = wrapper.framework; name = OpenGLES.framework; path = System/Library/Frameworks/OpenGLES.framework; sourceTree = SDKROOT; };
		7C60BCEF27AFED30002BEF81 /* SystemConfiguration.framework */ = {isa = PBXFileReference; lastKnownFileType = wrapper.framework; name = SystemConfiguration.framework; path = System/Library/Frameworks/SystemConfiguration.framework; sourceTree = SDKROOT; };
		7C60BCF127AFED57002BEF81 /* CoreLocation.framework */ = {isa = PBXFileReference; lastKnownFileType = wrapper.framework; name = CoreLocation.framework; path = System/Library/Frameworks/CoreLocation.framework; sourceTree = SDKROOT; };
		7C60BCF327AFED68002BEF81 /* QuartzCore.framework */ = {isa = PBXFileReference; lastKnownFileType = wrapper.framework; name = QuartzCore.framework; path = System/Library/Frameworks/QuartzCore.framework; sourceTree = SDKROOT; };
		7C60BCF527AFED87002BEF81 /* libc++.tbd */ = {isa = PBXFileReference; lastKnownFileType = "sourcecode.text-based-dylib-definition"; name = "libc++.tbd"; path = "usr/lib/libc++.tbd"; sourceTree = SDKROOT; };
		7C60BCF727AFED94002BEF81 /* libxml2.tbd */ = {isa = PBXFileReference; lastKnownFileType = "sourcecode.text-based-dylib-definition"; name = libxml2.tbd; path = usr/lib/libxml2.tbd; sourceTree = SDKROOT; };
		7C60BCF927AFEDA7002BEF81 /* libsqlite3.tbd */ = {isa = PBXFileReference; lastKnownFileType = "sourcecode.text-based-dylib-definition"; name = libsqlite3.tbd; path = usr/lib/libsqlite3.tbd; sourceTree = SDKROOT; };
		7CDC398A27B2C7DC007370D9 /* LocationData.swift */ = {isa = PBXFileReference; lastKnownFileType = sourcecode.swift; path = LocationData.swift; sourceTree = "<group>"; };
		7CDC398D27B2C881007370D9 /* KLDocument.swift */ = {isa = PBXFileReference; lastKnownFileType = sourcecode.swift; path = KLDocument.swift; sourceTree = "<group>"; };
		7CDC398F27B2C932007370D9 /* DetailListCellData.swift */ = {isa = PBXFileReference; lastKnownFileType = sourcecode.swift; path = DetailListCellData.swift; sourceTree = "<group>"; };
		7CDC399127C25ACF007370D9 /* LocationInfomationViewController.swift */ = {isa = PBXFileReference; lastKnownFileType = sourcecode.swift; path = LocationInfomationViewController.swift; sourceTree = "<group>"; };
		7CDC399427C25B25007370D9 /* LocationInfomationViewModel.swift */ = {isa = PBXFileReference; lastKnownFileType = sourcecode.swift; path = LocationInfomationViewModel.swift; sourceTree = "<group>"; };
		7CDC39A227C26B7B007370D9 /* MTMapViewError.swift */ = {isa = PBXFileReference; lastKnownFileType = sourcecode.swift; path = MTMapViewError.swift; sourceTree = "<group>"; };
/* End PBXFileReference section */

/* Begin PBXFrameworksBuildPhase section */
		7C60BC8E27AFE19D002BEF81 /* Frameworks */ = {
			isa = PBXFrameworksBuildPhase;
			buildActionMask = 2147483647;
			files = (
				7C60BCFA27AFEDA7002BEF81 /* libsqlite3.tbd in Frameworks */,
				7CDC399827C25C5D007370D9 /* RxBlocking in Frameworks */,
				7CDC39A127C25C94007370D9 /* SnapKit in Frameworks */,
				7CDC399A27C25C5D007370D9 /* RxCocoa in Frameworks */,
				7C60BCF827AFED94002BEF81 /* libxml2.tbd in Frameworks */,
				7CDC399E27C25C5D007370D9 /* RxTest in Frameworks */,
				7C60BCF627AFED87002BEF81 /* libc++.tbd in Frameworks */,
				7C60BCF427AFED68002BEF81 /* QuartzCore.framework in Frameworks */,
				7C60BCF227AFED57002BEF81 /* CoreLocation.framework in Frameworks */,
				7C60BCF027AFED30002BEF81 /* SystemConfiguration.framework in Frameworks */,
				7C60BCEE27AFED22002BEF81 /* OpenGLES.framework in Frameworks */,
				7C60BCEA27AFEC54002BEF81 /* DaumMap.framework in Frameworks */,
				7CDC399C27C25C5D007370D9 /* RxSwift in Frameworks */,
			);
			runOnlyForDeploymentPostprocessing = 0;
		};
/* End PBXFrameworksBuildPhase section */

/* Begin PBXGroup section */
		7C60BC8827AFE19D002BEF81 = {
			isa = PBXGroup;
			children = (
				7C60BC9327AFE19D002BEF81 /* FindCVS */,
				7C60BC9227AFE19D002BEF81 /* Products */,
				7C60BCEC27AFED22002BEF81 /* Frameworks */,
			);
			sourceTree = "<group>";
		};
		7C60BC9227AFE19D002BEF81 /* Products */ = {
			isa = PBXGroup;
			children = (
				7C60BC9127AFE19D002BEF81 /* FindCVS.app */,
			);
			name = Products;
			sourceTree = "<group>";
		};
		7C60BC9327AFE19D002BEF81 /* FindCVS */ = {
			isa = PBXGroup;
			children = (
				7CDC399327C25ADF007370D9 /* Presentation */,
				7C60BCEB27AFECB2002BEF81 /* BridgingHeader.h */,
				7CDC398C27B2C7F1007370D9 /* Entity */,
				7C60BC9427AFE19D002BEF81 /* AppDelegate.swift */,
				7C60BC9627AFE19D002BEF81 /* SceneDelegate.swift */,
				7C60BC9D27AFE1A3002BEF81 /* Assets.xcassets */,
				7C60BC9F27AFE1A3002BEF81 /* LaunchScreen.storyboard */,
				7C60BCA227AFE1A3002BEF81 /* Info.plist */,
				7C60BCA827AFEC54002BEF81 /* DaumMap.embeddedframework */,
			);
			path = FindCVS;
			sourceTree = "<group>";
		};
		7C60BCA827AFEC54002BEF81 /* DaumMap.embeddedframework */ = {
			isa = PBXGroup;
			children = (
				7C60BCA927AFEC54002BEF81 /* Resources */,
				7C60BCCE27AFEC54002BEF81 /* DaumMap.framework */,
			);
			path = DaumMap.embeddedframework;
			sourceTree = SOURCE_ROOT;
		};
		7C60BCA927AFEC54002BEF81 /* Resources */ = {
			isa = PBXGroup;
			children = (
				7C60BCAA27AFEC54002BEF81 /* map_pinup_custom@3x.png */,
				7C60BCAB27AFEC54002BEF81 /* map_pin_custom.png */,
				7C60BCAC27AFEC54002BEF81 /* shadow_balloon.png */,
				7C60BCAD27AFEC54002BEF81 /* map_pinup.png */,
				7C60BCAE27AFEC54002BEF81 /* detail_button.png */,
				7C60BCAF27AFEC54002BEF81 /* map_pin_custom@3x.png */,
				7C60BCB027AFEC54002BEF81 /* map_pinup@3x.png */,
				7C60BCB127AFEC54002BEF81 /* map_pin_shadow@3x.png */,
				7C60BCB227AFEC54002BEF81 /* copyright.png */,
				7C60BCB327AFEC54002BEF81 /* th_line.png */,
				7C60BCB427AFEC54002BEF81 /* map_pin_red@3x.png */,
				7C60BCB527AFEC54002BEF81 /* daum_copyright.png */,
				7C60BCB627AFEC54002BEF81 /* map_pin@3x.png */,
				7C60BCB727AFEC54002BEF81 /* map_present_tracking.png */,
				7C60BCB827AFEC54002BEF81 /* map_pin_red.png */,
				7C60BCB927AFEC54002BEF81 /* Headers */,
				7C60BCC227AFEC54002BEF81 /* info_box.png */,
				7C60BCC327AFEC54002BEF81 /* point_sprite.png */,
				7C60BCC427AFEC54002BEF81 /* map_pinup_custom.png */,
				7C60BCC527AFEC54002BEF81 /* info_box_tail.png */,
				7C60BCC627AFEC54002BEF81 /* noimage256.png */,
				7C60BCC727AFEC54002BEF81 /* map_present_direction.png */,
				7C60BCC827AFEC54002BEF81 /* map_pin.png */,
				7C60BCC927AFEC54002BEF81 /* map_present.png */,
				7C60BCCA27AFEC54002BEF81 /* noimage.png */,
				7C60BCCB27AFEC54002BEF81 /* map_present_background_update.png */,
				7C60BCCC27AFEC54002BEF81 /* daum_th_line.png */,
				7C60BCCD27AFEC54002BEF81 /* map_pin_shadow.png */,
			);
			path = Resources;
			sourceTree = "<group>";
		};
		7C60BCB927AFEC54002BEF81 /* Headers */ = {
			isa = PBXGroup;
			children = (
				7C60BCBA27AFEC54002BEF81 /* MTMapPOIItem.h */,
				7C60BCBB27AFEC54002BEF81 /* MTMapCameraUpdate.h */,
				7C60BCBC27AFEC54002BEF81 /* MTMapReverseGeoCoder.h */,
				7C60BCBD27AFEC54002BEF81 /* MTMapPolyline.h */,
				7C60BCBE27AFEC54002BEF81 /* MTMapLocationMarkerItem.h */,
				7C60BCBF27AFEC54002BEF81 /* MTMapView.h */,
				7C60BCC027AFEC54002BEF81 /* MTMapGeometry.h */,
				7C60BCC127AFEC54002BEF81 /* MTMapCircle.h */,
			);
			path = Headers;
			sourceTree = "<group>";
		};
		7C60BCEC27AFED22002BEF81 /* Frameworks */ = {
			isa = PBXGroup;
			children = (
				7C60BCF927AFEDA7002BEF81 /* libsqlite3.tbd */,
				7C60BCF727AFED94002BEF81 /* libxml2.tbd */,
				7C60BCF527AFED87002BEF81 /* libc++.tbd */,
				7C60BCF327AFED68002BEF81 /* QuartzCore.framework */,
				7C60BCF127AFED57002BEF81 /* CoreLocation.framework */,
				7C60BCEF27AFED30002BEF81 /* SystemConfiguration.framework */,
				7C60BCED27AFED22002BEF81 /* OpenGLES.framework */,
			);
			name = Frameworks;
			sourceTree = "<group>";
		};
		7CDC398C27B2C7F1007370D9 /* Entity */ = {
			isa = PBXGroup;
			children = (
				7CDC398A27B2C7DC007370D9 /* LocationData.swift */,
				7CDC398D27B2C881007370D9 /* KLDocument.swift */,
				7CDC398F27B2C932007370D9 /* DetailListCellData.swift */,
				7CDC39A227C26B7B007370D9 /* MTMapViewError.swift */,
			);
			path = Entity;
			sourceTree = "<group>";
		};
		7CDC399327C25ADF007370D9 /* Presentation */ = {
			isa = PBXGroup;
			children = (
				7CDC399127C25ACF007370D9 /* LocationInfomationViewController.swift */,
				7CDC399427C25B25007370D9 /* LocationInfomationViewModel.swift */,
			);
			path = Presentation;
			sourceTree = "<group>";
		};
/* End PBXGroup section */

/* Begin PBXNativeTarget section */
		7C60BC9027AFE19D002BEF81 /* FindCVS */ = {
			isa = PBXNativeTarget;
			buildConfigurationList = 7C60BCA527AFE1A3002BEF81 /* Build configuration list for PBXNativeTarget "FindCVS" */;
			buildPhases = (
				7C60BC8D27AFE19D002BEF81 /* Sources */,
				7C60BC8E27AFE19D002BEF81 /* Frameworks */,
				7C60BC8F27AFE19D002BEF81 /* Resources */,
			);
			buildRules = (
			);
			dependencies = (
			);
			name = FindCVS;
			packageProductDependencies = (
				7CDC399727C25C5D007370D9 /* RxBlocking */,
				7CDC399927C25C5D007370D9 /* RxCocoa */,
				7CDC399B27C25C5D007370D9 /* RxSwift */,
				7CDC399D27C25C5D007370D9 /* RxTest */,
				7CDC39A027C25C94007370D9 /* SnapKit */,
			);
			productName = FindCVS;
			productReference = 7C60BC9127AFE19D002BEF81 /* FindCVS.app */;
			productType = "com.apple.product-type.application";
		};
/* End PBXNativeTarget section */

/* Begin PBXProject section */
		7C60BC8927AFE19D002BEF81 /* Project object */ = {
			isa = PBXProject;
			attributes = {
				BuildIndependentTargetsInParallel = 1;
				LastSwiftUpdateCheck = 1310;
				LastUpgradeCheck = 1310;
				TargetAttributes = {
					7C60BC9027AFE19D002BEF81 = {
						CreatedOnToolsVersion = 13.1;
					};
				};
			};
			buildConfigurationList = 7C60BC8C27AFE19D002BEF81 /* Build configuration list for PBXProject "FindCVS" */;
			compatibilityVersion = "Xcode 13.0";
			developmentRegion = en;
			hasScannedForEncodings = 0;
			knownRegions = (
				en,
				Base,
			);
			mainGroup = 7C60BC8827AFE19D002BEF81;
			packageReferences = (
				7CDC399627C25C5D007370D9 /* XCRemoteSwiftPackageReference "RxSwift" */,
				7CDC399F27C25C94007370D9 /* XCRemoteSwiftPackageReference "SnapKit" */,
			);
			productRefGroup = 7C60BC9227AFE19D002BEF81 /* Products */;
			projectDirPath = "";
			projectRoot = "";
			targets = (
				7C60BC9027AFE19D002BEF81 /* FindCVS */,
			);
		};
/* End PBXProject section */

/* Begin PBXResourcesBuildPhase section */
		7C60BC8F27AFE19D002BEF81 /* Resources */ = {
			isa = PBXResourcesBuildPhase;
			buildActionMask = 2147483647;
			files = (
				7C60BCE527AFEC54002BEF81 /* map_present.png in Resources */,
				7C60BCDB27AFEC54002BEF81 /* map_pin@3x.png in Resources */,
				7C60BCD927AFEC54002BEF81 /* map_pin_red@3x.png in Resources */,
				7C60BCE427AFEC54002BEF81 /* map_pin.png in Resources */,
				7C60BCDD27AFEC54002BEF81 /* map_pin_red.png in Resources */,
				7C60BCCF27AFEC54002BEF81 /* map_pinup_custom@3x.png in Resources */,
				7C60BCD727AFEC54002BEF81 /* copyright.png in Resources */,
				7C60BCD627AFEC54002BEF81 /* map_pin_shadow@3x.png in Resources */,
				7C60BCA127AFE1A3002BEF81 /* LaunchScreen.storyboard in Resources */,
				7C60BCDA27AFEC54002BEF81 /* daum_copyright.png in Resources */,
				7C60BCDE27AFEC54002BEF81 /* info_box.png in Resources */,
				7C60BCD427AFEC54002BEF81 /* map_pin_custom@3x.png in Resources */,
				7C60BCE927AFEC54002BEF81 /* map_pin_shadow.png in Resources */,
				7C60BCDC27AFEC54002BEF81 /* map_present_tracking.png in Resources */,
				7C60BCD327AFEC54002BEF81 /* detail_button.png in Resources */,
				7C60BCE627AFEC54002BEF81 /* noimage.png in Resources */,
				7C60BCD827AFEC54002BEF81 /* th_line.png in Resources */,
				7C60BCE127AFEC54002BEF81 /* info_box_tail.png in Resources */,
				7C60BCD027AFEC54002BEF81 /* map_pin_custom.png in Resources */,
				7C60BCE027AFEC54002BEF81 /* map_pinup_custom.png in Resources */,
				7C60BCD527AFEC54002BEF81 /* map_pinup@3x.png in Resources */,
				7C60BCDF27AFEC54002BEF81 /* point_sprite.png in Resources */,
				7C60BCE727AFEC54002BEF81 /* map_present_background_update.png in Resources */,
				7C60BCE327AFEC54002BEF81 /* map_present_direction.png in Resources */,
				7C60BCE227AFEC54002BEF81 /* noimage256.png in Resources */,
				7C60BCD127AFEC54002BEF81 /* shadow_balloon.png in Resources */,
				7C60BC9E27AFE1A3002BEF81 /* Assets.xcassets in Resources */,
				7C60BCE827AFEC54002BEF81 /* daum_th_line.png in Resources */,
				7C60BCD227AFEC54002BEF81 /* map_pinup.png in Resources */,
			);
			runOnlyForDeploymentPostprocessing = 0;
		};
/* End PBXResourcesBuildPhase section */

/* Begin PBXSourcesBuildPhase section */
		7C60BC8D27AFE19D002BEF81 /* Sources */ = {
			isa = PBXSourcesBuildPhase;
			buildActionMask = 2147483647;
			files = (
				7CDC398B27B2C7DC007370D9 /* LocationData.swift in Sources */,
				7CDC398E27B2C881007370D9 /* KLDocument.swift in Sources */,
				7C60BC9527AFE19D002BEF81 /* AppDelegate.swift in Sources */,
				7CDC39A327C26B7B007370D9 /* MTMapViewError.swift in Sources */,
				7CDC399527C25B25007370D9 /* LocationInfomationViewModel.swift in Sources */,
				7CDC399227C25ACF007370D9 /* LocationInfomationViewController.swift in Sources */,
				7CDC399027B2C932007370D9 /* DetailListCellData.swift in Sources */,
				7C60BC9727AFE19D002BEF81 /* SceneDelegate.swift in Sources */,
			);
			runOnlyForDeploymentPostprocessing = 0;
		};
/* End PBXSourcesBuildPhase section */

/* Begin PBXVariantGroup section */
		7C60BC9F27AFE1A3002BEF81 /* LaunchScreen.storyboard */ = {
			isa = PBXVariantGroup;
			children = (
				7C60BCA027AFE1A3002BEF81 /* Base */,
			);
			name = LaunchScreen.storyboard;
			sourceTree = "<group>";
		};
/* End PBXVariantGroup section */

/* Begin XCBuildConfiguration section */
		7C60BCA327AFE1A3002BEF81 /* Debug */ = {
			isa = XCBuildConfiguration;
			buildSettings = {
				ALWAYS_SEARCH_USER_PATHS = NO;
				CLANG_ANALYZER_NONNULL = YES;
				CLANG_ANALYZER_NUMBER_OBJECT_CONVERSION = YES_AGGRESSIVE;
				CLANG_CXX_LANGUAGE_STANDARD = "gnu++17";
				CLANG_CXX_LIBRARY = "libc++";
				CLANG_ENABLE_MODULES = YES;
				CLANG_ENABLE_OBJC_ARC = NO;
				CLANG_ENABLE_OBJC_WEAK = YES;
				CLANG_WARN_BLOCK_CAPTURE_AUTORELEASING = YES;
				CLANG_WARN_BOOL_CONVERSION = YES;
				CLANG_WARN_COMMA = YES;
				CLANG_WARN_CONSTANT_CONVERSION = YES;
				CLANG_WARN_DEPRECATED_OBJC_IMPLEMENTATIONS = YES;
				CLANG_WARN_DIRECT_OBJC_ISA_USAGE = YES_ERROR;
				CLANG_WARN_DOCUMENTATION_COMMENTS = YES;
				CLANG_WARN_EMPTY_BODY = YES;
				CLANG_WARN_ENUM_CONVERSION = YES;
				CLANG_WARN_INFINITE_RECURSION = YES;
				CLANG_WARN_INT_CONVERSION = YES;
				CLANG_WARN_NON_LITERAL_NULL_CONVERSION = YES;
				CLANG_WARN_OBJC_IMPLICIT_RETAIN_SELF = YES;
				CLANG_WARN_OBJC_LITERAL_CONVERSION = YES;
				CLANG_WARN_OBJC_ROOT_CLASS = YES_ERROR;
				CLANG_WARN_QUOTED_INCLUDE_IN_FRAMEWORK_HEADER = YES;
				CLANG_WARN_RANGE_LOOP_ANALYSIS = YES;
				CLANG_WARN_STRICT_PROTOTYPES = YES;
				CLANG_WARN_SUSPICIOUS_MOVE = YES;
				CLANG_WARN_UNGUARDED_AVAILABILITY = YES_AGGRESSIVE;
				CLANG_WARN_UNREACHABLE_CODE = YES;
				CLANG_WARN__DUPLICATE_METHOD_MATCH = YES;
				COPY_PHASE_STRIP = NO;
				DEBUG_INFORMATION_FORMAT = dwarf;
				ENABLE_STRICT_OBJC_MSGSEND = YES;
				ENABLE_TESTABILITY = YES;
				GCC_C_LANGUAGE_STANDARD = gnu11;
				GCC_DYNAMIC_NO_PIC = NO;
				GCC_NO_COMMON_BLOCKS = YES;
				GCC_OPTIMIZATION_LEVEL = 0;
				GCC_PREPROCESSOR_DEFINITIONS = (
					"DEBUG=1",
					"$(inherited)",
				);
				GCC_WARN_64_TO_32_BIT_CONVERSION = YES;
				GCC_WARN_ABOUT_RETURN_TYPE = YES_ERROR;
				GCC_WARN_UNDECLARED_SELECTOR = YES;
				GCC_WARN_UNINITIALIZED_AUTOS = YES_AGGRESSIVE;
				GCC_WARN_UNUSED_FUNCTION = YES;
				GCC_WARN_UNUSED_VARIABLE = YES;
				IPHONEOS_DEPLOYMENT_TARGET = 15.0;
				MTL_ENABLE_DEBUG_INFO = INCLUDE_SOURCE;
				MTL_FAST_MATH = YES;
				ONLY_ACTIVE_ARCH = YES;
				SDKROOT = iphoneos;
				SWIFT_ACTIVE_COMPILATION_CONDITIONS = DEBUG;
				SWIFT_OBJC_BRIDGING_HEADER = /Users/Byoung_wook/Downloads/iOSApp/FindCVS/FindCVS/BridgingHeader.h;
				SWIFT_OPTIMIZATION_LEVEL = "-Onone";
			};
			name = Debug;
		};
		7C60BCA427AFE1A3002BEF81 /* Release */ = {
			isa = XCBuildConfiguration;
			buildSettings = {
				ALWAYS_SEARCH_USER_PATHS = NO;
				CLANG_ANALYZER_NONNULL = YES;
				CLANG_ANALYZER_NUMBER_OBJECT_CONVERSION = YES_AGGRESSIVE;
				CLANG_CXX_LANGUAGE_STANDARD = "gnu++17";
				CLANG_CXX_LIBRARY = "libc++";
				CLANG_ENABLE_MODULES = YES;
				CLANG_ENABLE_OBJC_ARC = NO;
				CLANG_ENABLE_OBJC_WEAK = YES;
				CLANG_WARN_BLOCK_CAPTURE_AUTORELEASING = YES;
				CLANG_WARN_BOOL_CONVERSION = YES;
				CLANG_WARN_COMMA = YES;
				CLANG_WARN_CONSTANT_CONVERSION = YES;
				CLANG_WARN_DEPRECATED_OBJC_IMPLEMENTATIONS = YES;
				CLANG_WARN_DIRECT_OBJC_ISA_USAGE = YES_ERROR;
				CLANG_WARN_DOCUMENTATION_COMMENTS = YES;
				CLANG_WARN_EMPTY_BODY = YES;
				CLANG_WARN_ENUM_CONVERSION = YES;
				CLANG_WARN_INFINITE_RECURSION = YES;
				CLANG_WARN_INT_CONVERSION = YES;
				CLANG_WARN_NON_LITERAL_NULL_CONVERSION = YES;
				CLANG_WARN_OBJC_IMPLICIT_RETAIN_SELF = YES;
				CLANG_WARN_OBJC_LITERAL_CONVERSION = YES;
				CLANG_WARN_OBJC_ROOT_CLASS = YES_ERROR;
				CLANG_WARN_QUOTED_INCLUDE_IN_FRAMEWORK_HEADER = YES;
				CLANG_WARN_RANGE_LOOP_ANALYSIS = YES;
				CLANG_WARN_STRICT_PROTOTYPES = YES;
				CLANG_WARN_SUSPICIOUS_MOVE = YES;
				CLANG_WARN_UNGUARDED_AVAILABILITY = YES_AGGRESSIVE;
				CLANG_WARN_UNREACHABLE_CODE = YES;
				CLANG_WARN__DUPLICATE_METHOD_MATCH = YES;
				COPY_PHASE_STRIP = NO;
				DEBUG_INFORMATION_FORMAT = "dwarf-with-dsym";
				ENABLE_NS_ASSERTIONS = NO;
				ENABLE_STRICT_OBJC_MSGSEND = YES;
				GCC_C_LANGUAGE_STANDARD = gnu11;
				GCC_NO_COMMON_BLOCKS = YES;
				GCC_WARN_64_TO_32_BIT_CONVERSION = YES;
				GCC_WARN_ABOUT_RETURN_TYPE = YES_ERROR;
				GCC_WARN_UNDECLARED_SELECTOR = YES;
				GCC_WARN_UNINITIALIZED_AUTOS = YES_AGGRESSIVE;
				GCC_WARN_UNUSED_FUNCTION = YES;
				GCC_WARN_UNUSED_VARIABLE = YES;
				IPHONEOS_DEPLOYMENT_TARGET = 15.0;
				MTL_ENABLE_DEBUG_INFO = NO;
				MTL_FAST_MATH = YES;
				SDKROOT = iphoneos;
				SWIFT_COMPILATION_MODE = wholemodule;
				SWIFT_OBJC_BRIDGING_HEADER = /Users/Byoung_wook/Downloads/iOSApp/FindCVS/FindCVS/BridgingHeader.h;
				SWIFT_OPTIMIZATION_LEVEL = "-O";
				VALIDATE_PRODUCT = YES;
			};
			name = Release;
		};
		7C60BCA627AFE1A3002BEF81 /* Debug */ = {
			isa = XCBuildConfiguration;
			buildSettings = {
				ASSETCATALOG_COMPILER_APPICON_NAME = AppIcon;
				ASSETCATALOG_COMPILER_GLOBAL_ACCENT_COLOR_NAME = AccentColor;
				CODE_SIGN_STYLE = Automatic;
				CURRENT_PROJECT_VERSION = 1;
				FRAMEWORK_SEARCH_PATHS = (
					"$(inherited)",
					"$(PROJECT_DIR)/DaumMap.embeddedframework",
				);
				GENERATE_INFOPLIST_FILE = YES;
				INFOPLIST_FILE = FindCVS/Info.plist;
				INFOPLIST_KEY_UIApplicationSupportsIndirectInputEvents = YES;
				INFOPLIST_KEY_UILaunchStoryboardName = LaunchScreen;
				INFOPLIST_KEY_UISupportedInterfaceOrientations_iPad = "UIInterfaceOrientationPortrait UIInterfaceOrientationPortraitUpsideDown UIInterfaceOrientationLandscapeLeft UIInterfaceOrientationLandscapeRight";
				INFOPLIST_KEY_UISupportedInterfaceOrientations_iPhone = "UIInterfaceOrientationPortrait UIInterfaceOrientationLandscapeLeft UIInterfaceOrientationLandscapeRight";
				LD_RUNPATH_SEARCH_PATHS = (
					"$(inherited)",
					"@executable_path/Frameworks",
				);
				MARKETING_VERSION = 1.0;
				PRODUCT_BUNDLE_IDENTIFIER = com.liam.iOSstudy.FindCVS;
				PRODUCT_NAME = "$(TARGET_NAME)";
				SWIFT_EMIT_LOC_STRINGS = YES;
				SWIFT_VERSION = 5.0;
				TARGETED_DEVICE_FAMILY = "1,2";
			};
			name = Debug;
		};
		7C60BCA727AFE1A3002BEF81 /* Release */ = {
			isa = XCBuildConfiguration;
			buildSettings = {
				ASSETCATALOG_COMPILER_APPICON_NAME = AppIcon;
				ASSETCATALOG_COMPILER_GLOBAL_ACCENT_COLOR_NAME = AccentColor;
				CODE_SIGN_STYLE = Automatic;
				CURRENT_PROJECT_VERSION = 1;
				FRAMEWORK_SEARCH_PATHS = (
					"$(inherited)",
					"$(PROJECT_DIR)/DaumMap.embeddedframework",
				);
				GENERATE_INFOPLIST_FILE = YES;
				INFOPLIST_FILE = FindCVS/Info.plist;
				INFOPLIST_KEY_UIApplicationSupportsIndirectInputEvents = YES;
				INFOPLIST_KEY_UILaunchStoryboardName = LaunchScreen;
				INFOPLIST_KEY_UISupportedInterfaceOrientations_iPad = "UIInterfaceOrientationPortrait UIInterfaceOrientationPortraitUpsideDown UIInterfaceOrientationLandscapeLeft UIInterfaceOrientationLandscapeRight";
				INFOPLIST_KEY_UISupportedInterfaceOrientations_iPhone = "UIInterfaceOrientationPortrait UIInterfaceOrientationLandscapeLeft UIInterfaceOrientationLandscapeRight";
				LD_RUNPATH_SEARCH_PATHS = (
					"$(inherited)",
					"@executable_path/Frameworks",
				);
				MARKETING_VERSION = 1.0;
				PRODUCT_BUNDLE_IDENTIFIER = com.liam.iOSstudy.FindCVS;
				PRODUCT_NAME = "$(TARGET_NAME)";
				SWIFT_EMIT_LOC_STRINGS = YES;
				SWIFT_VERSION = 5.0;
				TARGETED_DEVICE_FAMILY = "1,2";
			};
			name = Release;
		};
/* End XCBuildConfiguration section */

/* Begin XCConfigurationList section */
		7C60BC8C27AFE19D002BEF81 /* Build configuration list for PBXProject "FindCVS" */ = {
			isa = XCConfigurationList;
			buildConfigurations = (
				7C60BCA327AFE1A3002BEF81 /* Debug */,
				7C60BCA427AFE1A3002BEF81 /* Release */,
			);
			defaultConfigurationIsVisible = 0;
			defaultConfigurationName = Release;
		};
		7C60BCA527AFE1A3002BEF81 /* Build configuration list for PBXNativeTarget "FindCVS" */ = {
			isa = XCConfigurationList;
			buildConfigurations = (
				7C60BCA627AFE1A3002BEF81 /* Debug */,
				7C60BCA727AFE1A3002BEF81 /* Release */,
			);
			defaultConfigurationIsVisible = 0;
			defaultConfigurationName = Release;
		};
/* End XCConfigurationList section */

/* Begin XCRemoteSwiftPackageReference section */
		7CDC399627C25C5D007370D9 /* XCRemoteSwiftPackageReference "RxSwift" */ = {
			isa = XCRemoteSwiftPackageReference;
			repositoryURL = "https://github.com/ReactiveX/RxSwift";
			requirement = {
				branch = main;
				kind = branch;
			};
		};
		7CDC399F27C25C94007370D9 /* XCRemoteSwiftPackageReference "SnapKit" */ = {
			isa = XCRemoteSwiftPackageReference;
			repositoryURL = "https://github.com/SnapKit/SnapKit.git";
			requirement = {
				branch = develop;
				kind = branch;
			};
		};
/* End XCRemoteSwiftPackageReference section */

/* Begin XCSwiftPackageProductDependency section */
		7CDC399727C25C5D007370D9 /* RxBlocking */ = {
			isa = XCSwiftPackageProductDependency;
			package = 7CDC399627C25C5D007370D9 /* XCRemoteSwiftPackageReference "RxSwift" */;
			productName = RxBlocking;
		};
		7CDC399927C25C5D007370D9 /* RxCocoa */ = {
			isa = XCSwiftPackageProductDependency;
			package = 7CDC399627C25C5D007370D9 /* XCRemoteSwiftPackageReference "RxSwift" */;
			productName = RxCocoa;
		};
		7CDC399B27C25C5D007370D9 /* RxSwift */ = {
			isa = XCSwiftPackageProductDependency;
			package = 7CDC399627C25C5D007370D9 /* XCRemoteSwiftPackageReference "RxSwift" */;
			productName = RxSwift;
		};
		7CDC399D27C25C5D007370D9 /* RxTest */ = {
			isa = XCSwiftPackageProductDependency;
			package = 7CDC399627C25C5D007370D9 /* XCRemoteSwiftPackageReference "RxSwift" */;
			productName = RxTest;
		};
		7CDC39A027C25C94007370D9 /* SnapKit */ = {
			isa = XCSwiftPackageProductDependency;
			package = 7CDC399F27C25C94007370D9 /* XCRemoteSwiftPackageReference "SnapKit" */;
			productName = SnapKit;
		};
/* End XCSwiftPackageProductDependency section */
	};
	rootObject = 7C60BC8927AFE19D002BEF81 /* Project object */;
}
