// !$*UTF8*$!
{
	archiveVersion = 1;
	classes = {
	};
	objectVersion = 55;
	objects = {

/* Begin PBXBuildFile section */
		7C5CAED327FC8C38007814F1 /* CafeApp.swift in Sources */ = {isa = PBXBuildFile; fileRef = 7C5CAED227FC8C38007814F1 /* CafeApp.swift */; };
		7C5CAED527FC8C38007814F1 /* MainTabView.swift in Sources */ = {isa = PBXBuildFile; fileRef = 7C5CAED427FC8C38007814F1 /* MainTabView.swift */; };
		7C5CAED727FC8C39007814F1 /* Assets.xcassets in Resources */ = {isa = PBXBuildFile; fileRef = 7C5CAED627FC8C39007814F1 /* Assets.xcassets */; };
		7C5CAEDA27FC8C39007814F1 /* Preview Assets.xcassets in Resources */ = {isa = PBXBuildFile; fileRef = 7C5CAED927FC8C39007814F1 /* Preview Assets.xcassets */; };
		7C5CAEE127FC94C4007814F1 /* Tab.swift in Sources */ = {isa = PBXBuildFile; fileRef = 7C5CAEE027FC94C4007814F1 /* Tab.swift */; };
		7C5CAEE527FF16BE007814F1 /* MenuSuggestionSectionView.swift in Sources */ = {isa = PBXBuildFile; fileRef = 7C5CAEE427FF16BE007814F1 /* MenuSuggestionSectionView.swift */; };
		7C5CAEE727FF1794007814F1 /* CoffeeMenu.swift in Sources */ = {isa = PBXBuildFile; fileRef = 7C5CAEE627FF1794007814F1 /* CoffeeMenu.swift */; };
		7C5CAEE927FF1D3F007814F1 /* EventSectionView.swift in Sources */ = {isa = PBXBuildFile; fileRef = 7C5CAEE827FF1D3F007814F1 /* EventSectionView.swift */; };
		7C5CAEEB27FF1DD1007814F1 /* Event.swift in Sources */ = {isa = PBXBuildFile; fileRef = 7C5CAEEA27FF1DD1007814F1 /* Event.swift */; };
		7C5CAEED280060F8007814F1 /* HomeView.swift in Sources */ = {isa = PBXBuildFile; fileRef = 7C5CAEEC280060F8007814F1 /* HomeView.swift */; };
		7C5CAEEF280061A0007814F1 /* HomeHeaderView.swift in Sources */ = {isa = PBXBuildFile; fileRef = 7C5CAEEE280061A0007814F1 /* HomeHeaderView.swift */; };
		7C5CAEF228006690007814F1 /* User.swift in Sources */ = {isa = PBXBuildFile; fileRef = 7C5CAEF128006690007814F1 /* User.swift */; };
		7C5CAEF428032796007814F1 /* OtherView.swift in Sources */ = {isa = PBXBuildFile; fileRef = 7C5CAEF328032796007814F1 /* OtherView.swift */; };
		7C9B081C28032AE10055FFF7 /* SettingMenu.swift in Sources */ = {isa = PBXBuildFile; fileRef = 7C9B081B28032AE10055FFF7 /* SettingMenu.swift */; };
		7C9B081F280331CB0055FFF7 /* SettingView.swift in Sources */ = {isa = PBXBuildFile; fileRef = 7C9B081E280331CB0055FFF7 /* SettingView.swift */; };
/* End PBXBuildFile section */

/* Begin PBXFileReference section */
		7C5CAECF27FC8C38007814F1 /* Cafe.app */ = {isa = PBXFileReference; explicitFileType = wrapper.application; includeInIndex = 0; path = Cafe.app; sourceTree = BUILT_PRODUCTS_DIR; };
		7C5CAED227FC8C38007814F1 /* CafeApp.swift */ = {isa = PBXFileReference; lastKnownFileType = sourcecode.swift; path = CafeApp.swift; sourceTree = "<group>"; };
		7C5CAED427FC8C38007814F1 /* MainTabView.swift */ = {isa = PBXFileReference; lastKnownFileType = sourcecode.swift; path = MainTabView.swift; sourceTree = "<group>"; };
		7C5CAED627FC8C39007814F1 /* Assets.xcassets */ = {isa = PBXFileReference; lastKnownFileType = folder.assetcatalog; path = Assets.xcassets; sourceTree = "<group>"; };
		7C5CAED927FC8C39007814F1 /* Preview Assets.xcassets */ = {isa = PBXFileReference; lastKnownFileType = folder.assetcatalog; path = "Preview Assets.xcassets"; sourceTree = "<group>"; };
		7C5CAEE027FC94C4007814F1 /* Tab.swift */ = {isa = PBXFileReference; lastKnownFileType = sourcecode.swift; path = Tab.swift; sourceTree = "<group>"; };
		7C5CAEE427FF16BE007814F1 /* MenuSuggestionSectionView.swift */ = {isa = PBXFileReference; lastKnownFileType = sourcecode.swift; path = MenuSuggestionSectionView.swift; sourceTree = "<group>"; };
		7C5CAEE627FF1794007814F1 /* CoffeeMenu.swift */ = {isa = PBXFileReference; lastKnownFileType = sourcecode.swift; path = CoffeeMenu.swift; sourceTree = "<group>"; };
		7C5CAEE827FF1D3F007814F1 /* EventSectionView.swift */ = {isa = PBXFileReference; lastKnownFileType = sourcecode.swift; path = EventSectionView.swift; sourceTree = "<group>"; };
		7C5CAEEA27FF1DD1007814F1 /* Event.swift */ = {isa = PBXFileReference; lastKnownFileType = sourcecode.swift; path = Event.swift; sourceTree = "<group>"; };
		7C5CAEEC280060F8007814F1 /* HomeView.swift */ = {isa = PBXFileReference; lastKnownFileType = sourcecode.swift; path = HomeView.swift; sourceTree = "<group>"; };
		7C5CAEEE280061A0007814F1 /* HomeHeaderView.swift */ = {isa = PBXFileReference; lastKnownFileType = sourcecode.swift; path = HomeHeaderView.swift; sourceTree = "<group>"; };
		7C5CAEF128006690007814F1 /* User.swift */ = {isa = PBXFileReference; lastKnownFileType = sourcecode.swift; path = User.swift; sourceTree = "<group>"; };
		7C5CAEF328032796007814F1 /* OtherView.swift */ = {isa = PBXFileReference; lastKnownFileType = sourcecode.swift; path = OtherView.swift; sourceTree = "<group>"; };
		7C9B081B28032AE10055FFF7 /* SettingMenu.swift */ = {isa = PBXFileReference; lastKnownFileType = sourcecode.swift; path = SettingMenu.swift; sourceTree = "<group>"; };
		7C9B081E280331CB0055FFF7 /* SettingView.swift */ = {isa = PBXFileReference; lastKnownFileType = sourcecode.swift; path = SettingView.swift; sourceTree = "<group>"; };
/* End PBXFileReference section */

/* Begin PBXFrameworksBuildPhase section */
		7C5CAECC27FC8C38007814F1 /* Frameworks */ = {
			isa = PBXFrameworksBuildPhase;
			buildActionMask = 2147483647;
			files = (
			);
			runOnlyForDeploymentPostprocessing = 0;
		};
/* End PBXFrameworksBuildPhase section */

/* Begin PBXGroup section */
		7C5CAEC627FC8C38007814F1 = {
			isa = PBXGroup;
			children = (
				7C5CAED127FC8C38007814F1 /* Cafe */,
				7C5CAED027FC8C38007814F1 /* Products */,
			);
			sourceTree = "<group>";
		};
		7C5CAED027FC8C38007814F1 /* Products */ = {
			isa = PBXGroup;
			children = (
				7C5CAECF27FC8C38007814F1 /* Cafe.app */,
			);
			name = Products;
			sourceTree = "<group>";
		};
		7C5CAED127FC8C38007814F1 /* Cafe */ = {
			isa = PBXGroup;
			children = (
				7C5CAED227FC8C38007814F1 /* CafeApp.swift */,
				7C5CAEE627FF1794007814F1 /* CoffeeMenu.swift */,
				7C5CAEEA27FF1DD1007814F1 /* Event.swift */,
				7C5CAEF128006690007814F1 /* User.swift */,
				7C5CAEE327FF1696007814F1 /* Scenes */,
				7C5CAED627FC8C39007814F1 /* Assets.xcassets */,
				7C5CAED827FC8C39007814F1 /* Preview Content */,
			);
			path = Cafe;
			sourceTree = "<group>";
		};
		7C5CAED827FC8C39007814F1 /* Preview Content */ = {
			isa = PBXGroup;
			children = (
				7C5CAED927FC8C39007814F1 /* Preview Assets.xcassets */,
			);
			path = "Preview Content";
			sourceTree = "<group>";
		};
		7C5CAEE227FF1683007814F1 /* Tab */ = {
			isa = PBXGroup;
			children = (
				7C5CAED427FC8C38007814F1 /* MainTabView.swift */,
				7C5CAEE027FC94C4007814F1 /* Tab.swift */,
				7C5CAEF0280061A8007814F1 /* Home */,
			);
			path = Tab;
			sourceTree = "<group>";
		};
		7C5CAEE327FF1696007814F1 /* Scenes */ = {
			isa = PBXGroup;
			children = (
				7C9B081D280331B40055FFF7 /* Other */,
				7C5CAEE227FF1683007814F1 /* Tab */,
			);
			path = Scenes;
			sourceTree = "<group>";
		};
		7C5CAEF0280061A8007814F1 /* Home */ = {
			isa = PBXGroup;
			children = (
				7C5CAEE427FF16BE007814F1 /* MenuSuggestionSectionView.swift */,
				7C5CAEEC280060F8007814F1 /* HomeView.swift */,
				7C5CAEEE280061A0007814F1 /* HomeHeaderView.swift */,
				7C5CAEE827FF1D3F007814F1 /* EventSectionView.swift */,
			);
			path = Home;
			sourceTree = "<group>";
		};
		7C9B081D280331B40055FFF7 /* Other */ = {
			isa = PBXGroup;
			children = (
				7C9B081B28032AE10055FFF7 /* SettingMenu.swift */,
				7C5CAEF328032796007814F1 /* OtherView.swift */,
				7C9B081E280331CB0055FFF7 /* SettingView.swift */,
			);
			path = Other;
			sourceTree = "<group>";
		};
/* End PBXGroup section */

/* Begin PBXNativeTarget section */
		7C5CAECE27FC8C38007814F1 /* Cafe */ = {
			isa = PBXNativeTarget;
			buildConfigurationList = 7C5CAEDD27FC8C39007814F1 /* Build configuration list for PBXNativeTarget "Cafe" */;
			buildPhases = (
				7C5CAECB27FC8C38007814F1 /* Sources */,
				7C5CAECC27FC8C38007814F1 /* Frameworks */,
				7C5CAECD27FC8C38007814F1 /* Resources */,
			);
			buildRules = (
			);
			dependencies = (
			);
			name = Cafe;
			productName = Cafe;
			productReference = 7C5CAECF27FC8C38007814F1 /* Cafe.app */;
			productType = "com.apple.product-type.application";
		};
/* End PBXNativeTarget section */

/* Begin PBXProject section */
		7C5CAEC727FC8C38007814F1 /* Project object */ = {
			isa = PBXProject;
			attributes = {
				BuildIndependentTargetsInParallel = 1;
				LastSwiftUpdateCheck = 1310;
				LastUpgradeCheck = 1310;
				TargetAttributes = {
					7C5CAECE27FC8C38007814F1 = {
						CreatedOnToolsVersion = 13.1;
					};
				};
			};
			buildConfigurationList = 7C5CAECA27FC8C38007814F1 /* Build configuration list for PBXProject "Cafe" */;
			compatibilityVersion = "Xcode 13.0";
			developmentRegion = en;
			hasScannedForEncodings = 0;
			knownRegions = (
				en,
				Base,
			);
			mainGroup = 7C5CAEC627FC8C38007814F1;
			productRefGroup = 7C5CAED027FC8C38007814F1 /* Products */;
			projectDirPath = "";
			projectRoot = "";
			targets = (
				7C5CAECE27FC8C38007814F1 /* Cafe */,
			);
		};
/* End PBXProject section */

/* Begin PBXResourcesBuildPhase section */
		7C5CAECD27FC8C38007814F1 /* Resources */ = {
			isa = PBXResourcesBuildPhase;
			buildActionMask = 2147483647;
			files = (
				7C5CAEDA27FC8C39007814F1 /* Preview Assets.xcassets in Resources */,
				7C5CAED727FC8C39007814F1 /* Assets.xcassets in Resources */,
			);
			runOnlyForDeploymentPostprocessing = 0;
		};
/* End PBXResourcesBuildPhase section */

/* Begin PBXSourcesBuildPhase section */
		7C5CAECB27FC8C38007814F1 /* Sources */ = {
			isa = PBXSourcesBuildPhase;
			buildActionMask = 2147483647;
			files = (
				7C5CAEE127FC94C4007814F1 /* Tab.swift in Sources */,
				7C5CAEE927FF1D3F007814F1 /* EventSectionView.swift in Sources */,
				7C5CAED527FC8C38007814F1 /* MainTabView.swift in Sources */,
				7C5CAEEF280061A0007814F1 /* HomeHeaderView.swift in Sources */,
				7C5CAEE727FF1794007814F1 /* CoffeeMenu.swift in Sources */,
				7C5CAEF428032796007814F1 /* OtherView.swift in Sources */,
				7C5CAED327FC8C38007814F1 /* CafeApp.swift in Sources */,
				7C5CAEED280060F8007814F1 /* HomeView.swift in Sources */,
				7C9B081F280331CB0055FFF7 /* SettingView.swift in Sources */,
				7C5CAEEB27FF1DD1007814F1 /* Event.swift in Sources */,
				7C5CAEF228006690007814F1 /* User.swift in Sources */,
				7C5CAEE527FF16BE007814F1 /* MenuSuggestionSectionView.swift in Sources */,
				7C9B081C28032AE10055FFF7 /* SettingMenu.swift in Sources */,
			);
			runOnlyForDeploymentPostprocessing = 0;
		};
/* End PBXSourcesBuildPhase section */

/* Begin XCBuildConfiguration section */
		7C5CAEDB27FC8C39007814F1 /* Debug */ = {
			isa = XCBuildConfiguration;
			buildSettings = {
				ALWAYS_SEARCH_USER_PATHS = NO;
				CLANG_ANALYZER_NONNULL = YES;
				CLANG_ANALYZER_NUMBER_OBJECT_CONVERSION = YES_AGGRESSIVE;
				CLANG_CXX_LANGUAGE_STANDARD = "gnu++17";
				CLANG_CXX_LIBRARY = "libc++";
				CLANG_ENABLE_MODULES = YES;
				CLANG_ENABLE_OBJC_ARC = YES;
				CLANG_ENABLE_OBJC_WEAK = YES;
				CLANG_WARN_BLOCK_CAPTURE_AUTORELEASING = YES;
				CLANG_WARN_BOOL_CONVERSION = YES;
				CLANG_WARN_COMMA = YES;
				CLANG_WARN_CONSTANT_CONVERSION = YES;
				CLANG_WARN_DEPRECATED_OBJC_IMPLEMENTATIONS = YES;
				CLANG_WARN_DIRECT_OBJC_ISA_USAGE = YES_ERROR;
				CLANG_WARN_DOCUMENTATION_COMMENTS = YES;
				CLANG_WARN_EMPTY_BODY = YES;
				CLANG_WARN_ENUM_CONVERSION = YES;
				CLANG_WARN_INFINITE_RECURSION = YES;
				CLANG_WARN_INT_CONVERSION = YES;
				CLANG_WARN_NON_LITERAL_NULL_CONVERSION = YES;
				CLANG_WARN_OBJC_IMPLICIT_RETAIN_SELF = YES;
				CLANG_WARN_OBJC_LITERAL_CONVERSION = YES;
				CLANG_WARN_OBJC_ROOT_CLASS = YES_ERROR;
				CLANG_WARN_QUOTED_INCLUDE_IN_FRAMEWORK_HEADER = YES;
				CLANG_WARN_RANGE_LOOP_ANALYSIS = YES;
				CLANG_WARN_STRICT_PROTOTYPES = YES;
				CLANG_WARN_SUSPICIOUS_MOVE = YES;
				CLANG_WARN_UNGUARDED_AVAILABILITY = YES_AGGRESSIVE;
				CLANG_WARN_UNREACHABLE_CODE = YES;
				CLANG_WARN__DUPLICATE_METHOD_MATCH = YES;
				COPY_PHASE_STRIP = NO;
				DEBUG_INFORMATION_FORMAT = dwarf;
				ENABLE_STRICT_OBJC_MSGSEND = YES;
				ENABLE_TESTABILITY = YES;
				GCC_C_LANGUAGE_STANDARD = gnu11;
				GCC_DYNAMIC_NO_PIC = NO;
				GCC_NO_COMMON_BLOCKS = YES;
				GCC_OPTIMIZATION_LEVEL = 0;
				GCC_PREPROCESSOR_DEFINITIONS = (
					"DEBUG=1",
					"$(inherited)",
				);
				GCC_WARN_64_TO_32_BIT_CONVERSION = YES;
				GCC_WARN_ABOUT_RETURN_TYPE = YES_ERROR;
				GCC_WARN_UNDECLARED_SELECTOR = YES;
				GCC_WARN_UNINITIALIZED_AUTOS = YES_AGGRESSIVE;
				GCC_WARN_UNUSED_FUNCTION = YES;
				GCC_WARN_UNUSED_VARIABLE = YES;
				IPHONEOS_DEPLOYMENT_TARGET = 15.0;
				MTL_ENABLE_DEBUG_INFO = INCLUDE_SOURCE;
				MTL_FAST_MATH = YES;
				ONLY_ACTIVE_ARCH = YES;
				SDKROOT = iphoneos;
				SWIFT_ACTIVE_COMPILATION_CONDITIONS = DEBUG;
				SWIFT_OPTIMIZATION_LEVEL = "-Onone";
			};
			name = Debug;
		};
		7C5CAEDC27FC8C39007814F1 /* Release */ = {
			isa = XCBuildConfiguration;
			buildSettings = {
				ALWAYS_SEARCH_USER_PATHS = NO;
				CLANG_ANALYZER_NONNULL = YES;
				CLANG_ANALYZER_NUMBER_OBJECT_CONVERSION = YES_AGGRESSIVE;
				CLANG_CXX_LANGUAGE_STANDARD = "gnu++17";
				CLANG_CXX_LIBRARY = "libc++";
				CLANG_ENABLE_MODULES = YES;
				CLANG_ENABLE_OBJC_ARC = YES;
				CLANG_ENABLE_OBJC_WEAK = YES;
				CLANG_WARN_BLOCK_CAPTURE_AUTORELEASING = YES;
				CLANG_WARN_BOOL_CONVERSION = YES;
				CLANG_WARN_COMMA = YES;
				CLANG_WARN_CONSTANT_CONVERSION = YES;
				CLANG_WARN_DEPRECATED_OBJC_IMPLEMENTATIONS = YES;
				CLANG_WARN_DIRECT_OBJC_ISA_USAGE = YES_ERROR;
				CLANG_WARN_DOCUMENTATION_COMMENTS = YES;
				CLANG_WARN_EMPTY_BODY = YES;
				CLANG_WARN_ENUM_CONVERSION = YES;
				CLANG_WARN_INFINITE_RECURSION = YES;
				CLANG_WARN_INT_CONVERSION = YES;
				CLANG_WARN_NON_LITERAL_NULL_CONVERSION = YES;
				CLANG_WARN_OBJC_IMPLICIT_RETAIN_SELF = YES;
				CLANG_WARN_OBJC_LITERAL_CONVERSION = YES;
				CLANG_WARN_OBJC_ROOT_CLASS = YES_ERROR;
				CLANG_WARN_QUOTED_INCLUDE_IN_FRAMEWORK_HEADER = YES;
				CLANG_WARN_RANGE_LOOP_ANALYSIS = YES;
				CLANG_WARN_STRICT_PROTOTYPES = YES;
				CLANG_WARN_SUSPICIOUS_MOVE = YES;
				CLANG_WARN_UNGUARDED_AVAILABILITY = YES_AGGRESSIVE;
				CLANG_WARN_UNREACHABLE_CODE = YES;
				CLANG_WARN__DUPLICATE_METHOD_MATCH = YES;
				COPY_PHASE_STRIP = NO;
				DEBUG_INFORMATION_FORMAT = "dwarf-with-dsym";
				ENABLE_NS_ASSERTIONS = NO;
				ENABLE_STRICT_OBJC_MSGSEND = YES;
				GCC_C_LANGUAGE_STANDARD = gnu11;
				GCC_NO_COMMON_BLOCKS = YES;
				GCC_WARN_64_TO_32_BIT_CONVERSION = YES;
				GCC_WARN_ABOUT_RETURN_TYPE = YES_ERROR;
				GCC_WARN_UNDECLARED_SELECTOR = YES;
				GCC_WARN_UNINITIALIZED_AUTOS = YES_AGGRESSIVE;
				GCC_WARN_UNUSED_FUNCTION = YES;
				GCC_WARN_UNUSED_VARIABLE = YES;
				IPHONEOS_DEPLOYMENT_TARGET = 15.0;
				MTL_ENABLE_DEBUG_INFO = NO;
				MTL_FAST_MATH = YES;
				SDKROOT = iphoneos;
				SWIFT_COMPILATION_MODE = wholemodule;
				SWIFT_OPTIMIZATION_LEVEL = "-O";
				VALIDATE_PRODUCT = YES;
			};
			name = Release;
		};
		7C5CAEDE27FC8C39007814F1 /* Debug */ = {
			isa = XCBuildConfiguration;
			buildSettings = {
				ASSETCATALOG_COMPILER_APPICON_NAME = AppIcon;
				ASSETCATALOG_COMPILER_GLOBAL_ACCENT_COLOR_NAME = AccentColor;
				CODE_SIGN_STYLE = Automatic;
				CURRENT_PROJECT_VERSION = 1;
				DEVELOPMENT_ASSET_PATHS = "\"Cafe/Preview Content\"";
				ENABLE_PREVIEWS = YES;
				GENERATE_INFOPLIST_FILE = YES;
				INFOPLIST_KEY_UIApplicationSceneManifest_Generation = YES;
				INFOPLIST_KEY_UIApplicationSupportsIndirectInputEvents = YES;
				INFOPLIST_KEY_UILaunchScreen_Generation = YES;
				INFOPLIST_KEY_UISupportedInterfaceOrientations_iPad = "UIInterfaceOrientationPortrait UIInterfaceOrientationPortraitUpsideDown UIInterfaceOrientationLandscapeLeft UIInterfaceOrientationLandscapeRight";
				INFOPLIST_KEY_UISupportedInterfaceOrientations_iPhone = "UIInterfaceOrientationPortrait UIInterfaceOrientationLandscapeLeft UIInterfaceOrientationLandscapeRight";
				LD_RUNPATH_SEARCH_PATHS = (
					"$(inherited)",
					"@executable_path/Frameworks",
				);
				MARKETING_VERSION = 1.0;
				PRODUCT_BUNDLE_IDENTIFIER = com.liam.iOSstudy.Cafe;
				PRODUCT_NAME = "$(TARGET_NAME)";
				SWIFT_EMIT_LOC_STRINGS = YES;
				SWIFT_VERSION = 5.0;
				TARGETED_DEVICE_FAMILY = "1,2";
			};
			name = Debug;
		};
		7C5CAEDF27FC8C39007814F1 /* Release */ = {
			isa = XCBuildConfiguration;
			buildSettings = {
				ASSETCATALOG_COMPILER_APPICON_NAME = AppIcon;
				ASSETCATALOG_COMPILER_GLOBAL_ACCENT_COLOR_NAME = AccentColor;
				CODE_SIGN_STYLE = Automatic;
				CURRENT_PROJECT_VERSION = 1;
				DEVELOPMENT_ASSET_PATHS = "\"Cafe/Preview Content\"";
				ENABLE_PREVIEWS = YES;
				GENERATE_INFOPLIST_FILE = YES;
				INFOPLIST_KEY_UIApplicationSceneManifest_Generation = YES;
				INFOPLIST_KEY_UIApplicationSupportsIndirectInputEvents = YES;
				INFOPLIST_KEY_UILaunchScreen_Generation = YES;
				INFOPLIST_KEY_UISupportedInterfaceOrientations_iPad = "UIInterfaceOrientationPortrait UIInterfaceOrientationPortraitUpsideDown UIInterfaceOrientationLandscapeLeft UIInterfaceOrientationLandscapeRight";
				INFOPLIST_KEY_UISupportedInterfaceOrientations_iPhone = "UIInterfaceOrientationPortrait UIInterfaceOrientationLandscapeLeft UIInterfaceOrientationLandscapeRight";
				LD_RUNPATH_SEARCH_PATHS = (
					"$(inherited)",
					"@executable_path/Frameworks",
				);
				MARKETING_VERSION = 1.0;
				PRODUCT_BUNDLE_IDENTIFIER = com.liam.iOSstudy.Cafe;
				PRODUCT_NAME = "$(TARGET_NAME)";
				SWIFT_EMIT_LOC_STRINGS = YES;
				SWIFT_VERSION = 5.0;
				TARGETED_DEVICE_FAMILY = "1,2";
			};
			name = Release;
		};
/* End XCBuildConfiguration section */

/* Begin XCConfigurationList section */
		7C5CAECA27FC8C38007814F1 /* Build configuration list for PBXProject "Cafe" */ = {
			isa = XCConfigurationList;
			buildConfigurations = (
				7C5CAEDB27FC8C39007814F1 /* Debug */,
				7C5CAEDC27FC8C39007814F1 /* Release */,
			);
			defaultConfigurationIsVisible = 0;
			defaultConfigurationName = Release;
		};
		7C5CAEDD27FC8C39007814F1 /* Build configuration list for PBXNativeTarget "Cafe" */ = {
			isa = XCConfigurationList;
			buildConfigurations = (
				7C5CAEDE27FC8C39007814F1 /* Debug */,
				7C5CAEDF27FC8C39007814F1 /* Release */,
			);
			defaultConfigurationIsVisible = 0;
			defaultConfigurationName = Release;
		};
/* End XCConfigurationList section */
	};
	rootObject = 7C5CAEC727FC8C38007814F1 /* Project object */;
}
